// !$*UTF8*$!
{
	archiveVersion = 1;
	classes = {
	};
	objectVersion = 46;
	objects = {

/* Begin PBXBuildFile section */
		E76D084D1832C2AD00F8BD5A /* QuartzCore.framework in Frameworks */ = {isa = PBXBuildFile; fileRef = E76D084C1832C2AD00F8BD5A /* QuartzCore.framework */; };
		E76D084F1832C2AD00F8BD5A /* OpenGLES.framework in Frameworks */ = {isa = PBXBuildFile; fileRef = E76D084E1832C2AD00F8BD5A /* OpenGLES.framework */; };
		E76D08511832C2AD00F8BD5A /* OpenAL.framework in Frameworks */ = {isa = PBXBuildFile; fileRef = E76D08501832C2AD00F8BD5A /* OpenAL.framework */; };
		E76D08531832C2AD00F8BD5A /* AudioToolbox.framework in Frameworks */ = {isa = PBXBuildFile; fileRef = E76D08521832C2AD00F8BD5A /* AudioToolbox.framework */; };
		E76D08551832C2AD00F8BD5A /* AVFoundation.framework in Frameworks */ = {isa = PBXBuildFile; fileRef = E76D08541832C2AD00F8BD5A /* AVFoundation.framework */; };
		E76D08571832C2AD00F8BD5A /* UIKit.framework in Frameworks */ = {isa = PBXBuildFile; fileRef = E76D08561832C2AD00F8BD5A /* UIKit.framework */; };
		E76D08591832C2AD00F8BD5A /* Foundation.framework in Frameworks */ = {isa = PBXBuildFile; fileRef = E76D08581832C2AD00F8BD5A /* Foundation.framework */; };
		E76D085B1832C2AD00F8BD5A /* CoreGraphics.framework in Frameworks */ = {isa = PBXBuildFile; fileRef = E76D085A1832C2AD00F8BD5A /* CoreGraphics.framework */; };
		E76D085F1832C2AD00F8BD5A /* Default.png in Resources */ = {isa = PBXBuildFile; fileRef = E76D085E1832C2AD00F8BD5A /* Default.png */; };
		E76D08611832C2AD00F8BD5A /* fps_images.png in Resources */ = {isa = PBXBuildFile; fileRef = E76D08601832C2AD00F8BD5A /* fps_images.png */; };
		E76D08631832C2AD00F8BD5A /* Icon-72.png in Resources */ = {isa = PBXBuildFile; fileRef = E76D08621832C2AD00F8BD5A /* Icon-72.png */; };
		E76D08651832C2AD00F8BD5A /* Icon-Small-50.png in Resources */ = {isa = PBXBuildFile; fileRef = E76D08641832C2AD00F8BD5A /* Icon-Small-50.png */; };
		E76D08671832C2AD00F8BD5A /* Icon-Small.png in Resources */ = {isa = PBXBuildFile; fileRef = E76D08661832C2AD00F8BD5A /* Icon-Small.png */; };
		E76D08691832C2AD00F8BD5A /* Icon-Small@2x.png in Resources */ = {isa = PBXBuildFile; fileRef = E76D08681832C2AD00F8BD5A /* Icon-Small@2x.png */; };
		E76D086B1832C2AD00F8BD5A /* Icon.png in Resources */ = {isa = PBXBuildFile; fileRef = E76D086A1832C2AD00F8BD5A /* Icon.png */; };
		E76D086D1832C2AD00F8BD5A /* Icon@2x.png in Resources */ = {isa = PBXBuildFile; fileRef = E76D086C1832C2AD00F8BD5A /* Icon@2x.png */; };
		E76D08701832C2AD00F8BD5A /* iTunesArtwork in Resources */ = {isa = PBXBuildFile; fileRef = E76D086F1832C2AD00F8BD5A /* iTunesArtwork */; };
		E76D08751832C2AD00F8BD5A /* CCAction.m in Sources */ = {isa = PBXBuildFile; fileRef = E76D08741832C2AD00F8BD5A /* CCAction.m */; };
		E76D08781832C2AD00F8BD5A /* CCActionCamera.m in Sources */ = {isa = PBXBuildFile; fileRef = E76D08771832C2AD00F8BD5A /* CCActionCamera.m */; };
		E76D087B1832C2AD00F8BD5A /* CCActionEase.m in Sources */ = {isa = PBXBuildFile; fileRef = E76D087A1832C2AD00F8BD5A /* CCActionEase.m */; };
		E76D087E1832C2AD00F8BD5A /* CCActionGrid.m in Sources */ = {isa = PBXBuildFile; fileRef = E76D087D1832C2AD00F8BD5A /* CCActionGrid.m */; };
		E76D08811832C2AD00F8BD5A /* CCActionGrid3D.m in Sources */ = {isa = PBXBuildFile; fileRef = E76D08801832C2AD00F8BD5A /* CCActionGrid3D.m */; };
		E76D08841832C2AD00F8BD5A /* CCActionInstant.m in Sources */ = {isa = PBXBuildFile; fileRef = E76D08831832C2AD00F8BD5A /* CCActionInstant.m */; };
		E76D08871832C2AD00F8BD5A /* CCActionInterval.m in Sources */ = {isa = PBXBuildFile; fileRef = E76D08861832C2AD00F8BD5A /* CCActionInterval.m */; };
		E76D088A1832C2AD00F8BD5A /* CCActionManager.m in Sources */ = {isa = PBXBuildFile; fileRef = E76D08891832C2AD00F8BD5A /* CCActionManager.m */; };
		E76D088D1832C2AD00F8BD5A /* CCActionPageTurn3D.m in Sources */ = {isa = PBXBuildFile; fileRef = E76D088C1832C2AD00F8BD5A /* CCActionPageTurn3D.m */; };
		E76D08901832C2AD00F8BD5A /* CCActionProgressTimer.m in Sources */ = {isa = PBXBuildFile; fileRef = E76D088F1832C2AD00F8BD5A /* CCActionProgressTimer.m */; };
		E76D08931832C2AD00F8BD5A /* CCActionTiledGrid.m in Sources */ = {isa = PBXBuildFile; fileRef = E76D08921832C2AD00F8BD5A /* CCActionTiledGrid.m */; };
		E76D08961832C2AD00F8BD5A /* CCActionTween.m in Sources */ = {isa = PBXBuildFile; fileRef = E76D08951832C2AD00F8BD5A /* CCActionTween.m */; };
		E76D08991832C2AD00F8BD5A /* CCAnimation.m in Sources */ = {isa = PBXBuildFile; fileRef = E76D08981832C2AD00F8BD5A /* CCAnimation.m */; };
		E76D089C1832C2AD00F8BD5A /* CCAnimationCache.m in Sources */ = {isa = PBXBuildFile; fileRef = E76D089B1832C2AD00F8BD5A /* CCAnimationCache.m */; };
		E76D089F1832C2AE00F8BD5A /* CCAtlasNode.m in Sources */ = {isa = PBXBuildFile; fileRef = E76D089E1832C2AE00F8BD5A /* CCAtlasNode.m */; };
		E76D08A21832C2AE00F8BD5A /* CCBlockSupport.m in Sources */ = {isa = PBXBuildFile; fileRef = E76D08A11832C2AE00F8BD5A /* CCBlockSupport.m */; };
		E76D08A51832C2AE00F8BD5A /* CCCamera.m in Sources */ = {isa = PBXBuildFile; fileRef = E76D08A41832C2AE00F8BD5A /* CCCamera.m */; };
		E76D08A91832C2AE00F8BD5A /* CCConfiguration.m in Sources */ = {isa = PBXBuildFile; fileRef = E76D08A81832C2AE00F8BD5A /* CCConfiguration.m */; };
		E76D08AC1832C2AE00F8BD5A /* CCDirector.m in Sources */ = {isa = PBXBuildFile; fileRef = E76D08AB1832C2AE00F8BD5A /* CCDirector.m */; };
		E76D08AF1832C2AE00F8BD5A /* CCDrawingPrimitives.m in Sources */ = {isa = PBXBuildFile; fileRef = E76D08AE1832C2AE00F8BD5A /* CCDrawingPrimitives.m */; };
		E76D08B21832C2AE00F8BD5A /* CCGrabber.m in Sources */ = {isa = PBXBuildFile; fileRef = E76D08B11832C2AE00F8BD5A /* CCGrabber.m */; };
		E76D08B51832C2AE00F8BD5A /* CCGrid.m in Sources */ = {isa = PBXBuildFile; fileRef = E76D08B41832C2AE00F8BD5A /* CCGrid.m */; };
		E76D08B81832C2AE00F8BD5A /* CCLabelAtlas.m in Sources */ = {isa = PBXBuildFile; fileRef = E76D08B71832C2AE00F8BD5A /* CCLabelAtlas.m */; };
		E76D08BB1832C2AE00F8BD5A /* CCLabelBMFont.m in Sources */ = {isa = PBXBuildFile; fileRef = E76D08BA1832C2AE00F8BD5A /* CCLabelBMFont.m */; };
		E76D08BE1832C2AE00F8BD5A /* CCLabelTTF.m in Sources */ = {isa = PBXBuildFile; fileRef = E76D08BD1832C2AE00F8BD5A /* CCLabelTTF.m */; };
		E76D08C11832C2AE00F8BD5A /* CCLayer.m in Sources */ = {isa = PBXBuildFile; fileRef = E76D08C01832C2AE00F8BD5A /* CCLayer.m */; };
		E76D08C51832C2AE00F8BD5A /* CCMenu.m in Sources */ = {isa = PBXBuildFile; fileRef = E76D08C41832C2AE00F8BD5A /* CCMenu.m */; };
		E76D08C81832C2AE00F8BD5A /* CCMenuItem.m in Sources */ = {isa = PBXBuildFile; fileRef = E76D08C71832C2AE00F8BD5A /* CCMenuItem.m */; };
		E76D08CB1832C2AE00F8BD5A /* CCMotionStreak.m in Sources */ = {isa = PBXBuildFile; fileRef = E76D08CA1832C2AE00F8BD5A /* CCMotionStreak.m */; };
		E76D08CE1832C2AE00F8BD5A /* CCNode.m in Sources */ = {isa = PBXBuildFile; fileRef = E76D08CD1832C2AE00F8BD5A /* CCNode.m */; };
		E76D08D11832C2AE00F8BD5A /* CCParallaxNode.m in Sources */ = {isa = PBXBuildFile; fileRef = E76D08D01832C2AE00F8BD5A /* CCParallaxNode.m */; };
		E76D08D41832C2AE00F8BD5A /* CCParticleBatchNode.m in Sources */ = {isa = PBXBuildFile; fileRef = E76D08D31832C2AE00F8BD5A /* CCParticleBatchNode.m */; };
		E76D08D71832C2AE00F8BD5A /* CCParticleExamples.m in Sources */ = {isa = PBXBuildFile; fileRef = E76D08D61832C2AE00F8BD5A /* CCParticleExamples.m */; };
		E76D08DA1832C2AE00F8BD5A /* CCParticleSystem.m in Sources */ = {isa = PBXBuildFile; fileRef = E76D08D91832C2AE00F8BD5A /* CCParticleSystem.m */; };
		E76D08DD1832C2AE00F8BD5A /* CCParticleSystemPoint.m in Sources */ = {isa = PBXBuildFile; fileRef = E76D08DC1832C2AE00F8BD5A /* CCParticleSystemPoint.m */; };
		E76D08E01832C2AE00F8BD5A /* CCParticleSystemQuad.m in Sources */ = {isa = PBXBuildFile; fileRef = E76D08DF1832C2AE00F8BD5A /* CCParticleSystemQuad.m */; };
		E76D08E31832C2AE00F8BD5A /* CCProgressTimer.m in Sources */ = {isa = PBXBuildFile; fileRef = E76D08E21832C2AE00F8BD5A /* CCProgressTimer.m */; };
		E76D08E71832C2AE00F8BD5A /* CCRenderTexture.m in Sources */ = {isa = PBXBuildFile; fileRef = E76D08E61832C2AE00F8BD5A /* CCRenderTexture.m */; };
		E76D08EA1832C2AE00F8BD5A /* CCRibbon.m in Sources */ = {isa = PBXBuildFile; fileRef = E76D08E91832C2AE00F8BD5A /* CCRibbon.m */; };
		E76D08ED1832C2AE00F8BD5A /* CCScene.m in Sources */ = {isa = PBXBuildFile; fileRef = E76D08EC1832C2AE00F8BD5A /* CCScene.m */; };
		E76D08F01832C2AE00F8BD5A /* CCScheduler.m in Sources */ = {isa = PBXBuildFile; fileRef = E76D08EF1832C2AE00F8BD5A /* CCScheduler.m */; };
		E76D08F31832C2AE00F8BD5A /* CCSprite.m in Sources */ = {isa = PBXBuildFile; fileRef = E76D08F21832C2AE00F8BD5A /* CCSprite.m */; };
		E76D08F61832C2AE00F8BD5A /* CCSpriteBatchNode.m in Sources */ = {isa = PBXBuildFile; fileRef = E76D08F51832C2AE00F8BD5A /* CCSpriteBatchNode.m */; };
		E76D08F91832C2AE00F8BD5A /* CCSpriteFrame.m in Sources */ = {isa = PBXBuildFile; fileRef = E76D08F81832C2AE00F8BD5A /* CCSpriteFrame.m */; };
		E76D08FC1832C2AE00F8BD5A /* CCSpriteFrameCache.m in Sources */ = {isa = PBXBuildFile; fileRef = E76D08FB1832C2AE00F8BD5A /* CCSpriteFrameCache.m */; };
		E76D08FF1832C2AE00F8BD5A /* CCTexture2D.m in Sources */ = {isa = PBXBuildFile; fileRef = E76D08FE1832C2AE00F8BD5A /* CCTexture2D.m */; };
		E76D09021832C2AE00F8BD5A /* CCTextureAtlas.m in Sources */ = {isa = PBXBuildFile; fileRef = E76D09011832C2AE00F8BD5A /* CCTextureAtlas.m */; };
		E76D09051832C2AE00F8BD5A /* CCTextureCache.m in Sources */ = {isa = PBXBuildFile; fileRef = E76D09041832C2AE00F8BD5A /* CCTextureCache.m */; };
		E76D09081832C2AE00F8BD5A /* CCTexturePVR.m in Sources */ = {isa = PBXBuildFile; fileRef = E76D09071832C2AE00F8BD5A /* CCTexturePVR.m */; };
		E76D090B1832C2AE00F8BD5A /* CCTileMapAtlas.m in Sources */ = {isa = PBXBuildFile; fileRef = E76D090A1832C2AE00F8BD5A /* CCTileMapAtlas.m */; };
		E76D090E1832C2AE00F8BD5A /* CCTMXLayer.m in Sources */ = {isa = PBXBuildFile; fileRef = E76D090D1832C2AE00F8BD5A /* CCTMXLayer.m */; };
		E76D09111832C2AE00F8BD5A /* CCTMXObjectGroup.m in Sources */ = {isa = PBXBuildFile; fileRef = E76D09101832C2AE00F8BD5A /* CCTMXObjectGroup.m */; };
		E76D09141832C2AE00F8BD5A /* CCTMXTiledMap.m in Sources */ = {isa = PBXBuildFile; fileRef = E76D09131832C2AE00F8BD5A /* CCTMXTiledMap.m */; };
		E76D09171832C2AE00F8BD5A /* CCTMXXMLParser.m in Sources */ = {isa = PBXBuildFile; fileRef = E76D09161832C2AE00F8BD5A /* CCTMXXMLParser.m */; };
		E76D091A1832C2AE00F8BD5A /* CCTransition.m in Sources */ = {isa = PBXBuildFile; fileRef = E76D09191832C2AE00F8BD5A /* CCTransition.m */; };
		E76D091D1832C2AE00F8BD5A /* CCTransitionPageTurn.m in Sources */ = {isa = PBXBuildFile; fileRef = E76D091C1832C2AE00F8BD5A /* CCTransitionPageTurn.m */; };
		E76D09201832C2AE00F8BD5A /* CCTransitionRadial.m in Sources */ = {isa = PBXBuildFile; fileRef = E76D091F1832C2AE00F8BD5A /* CCTransitionRadial.m */; };
		E76D09241832C2AE00F8BD5A /* cocos2d.m in Sources */ = {isa = PBXBuildFile; fileRef = E76D09231832C2AE00F8BD5A /* cocos2d.m */; };
		E76D092B1832C2AE00F8BD5A /* CCDirectorIOS.m in Sources */ = {isa = PBXBuildFile; fileRef = E76D092A1832C2AE00F8BD5A /* CCDirectorIOS.m */; };
		E76D092F1832C2AE00F8BD5A /* CCTouchDispatcher.m in Sources */ = {isa = PBXBuildFile; fileRef = E76D092E1832C2AE00F8BD5A /* CCTouchDispatcher.m */; };
		E76D09321832C2AE00F8BD5A /* CCTouchHandler.m in Sources */ = {isa = PBXBuildFile; fileRef = E76D09311832C2AE00F8BD5A /* CCTouchHandler.m */; };
		E76D09351832C2AE00F8BD5A /* EAGLView.m in Sources */ = {isa = PBXBuildFile; fileRef = E76D09341832C2AE00F8BD5A /* EAGLView.m */; };
		E76D09381832C2AE00F8BD5A /* ES1Renderer.m in Sources */ = {isa = PBXBuildFile; fileRef = E76D09371832C2AE00F8BD5A /* ES1Renderer.m */; };
		E76D093B1832C2AE00F8BD5A /* glu.c in Sources */ = {isa = PBXBuildFile; fileRef = E76D093A1832C2AE00F8BD5A /* glu.c */; };
		E76D09401832C2AE00F8BD5A /* CCDirectorMac.m in Sources */ = {isa = PBXBuildFile; fileRef = E76D093F1832C2AE00F8BD5A /* CCDirectorMac.m */; };
		E76D09431832C2AE00F8BD5A /* CCEventDispatcher.m in Sources */ = {isa = PBXBuildFile; fileRef = E76D09421832C2AE00F8BD5A /* CCEventDispatcher.m */; };
		E76D09461832C2AE00F8BD5A /* MacGLView.m in Sources */ = {isa = PBXBuildFile; fileRef = E76D09451832C2AE00F8BD5A /* MacGLView.m */; };
		E76D09491832C2AE00F8BD5A /* MacWindow.m in Sources */ = {isa = PBXBuildFile; fileRef = E76D09481832C2AE00F8BD5A /* MacWindow.m */; };
		E76D094C1832C2AE00F8BD5A /* base64.c in Sources */ = {isa = PBXBuildFile; fileRef = E76D094B1832C2AE00F8BD5A /* base64.c */; };
		E76D09501832C2AE00F8BD5A /* CCArray.m in Sources */ = {isa = PBXBuildFile; fileRef = E76D094F1832C2AE00F8BD5A /* CCArray.m */; };
		E76D09541832C2AE00F8BD5A /* CCFileUtils.m in Sources */ = {isa = PBXBuildFile; fileRef = E76D09531832C2AE00F8BD5A /* CCFileUtils.m */; };
		E76D09571832C2AE00F8BD5A /* CCProfiling.m in Sources */ = {isa = PBXBuildFile; fileRef = E76D09561832C2AE00F8BD5A /* CCProfiling.m */; };
		E76D09591832C2AE00F8BD5A /* ccUtils.c in Sources */ = {isa = PBXBuildFile; fileRef = E76D09581832C2AE00F8BD5A /* ccUtils.c */; };
		E76D095D1832C2AE00F8BD5A /* CGPointExtension.m in Sources */ = {isa = PBXBuildFile; fileRef = E76D095C1832C2AE00F8BD5A /* CGPointExtension.m */; };
		E76D09611832C2AE00F8BD5A /* TGAlib.m in Sources */ = {isa = PBXBuildFile; fileRef = E76D09601832C2AE00F8BD5A /* TGAlib.m */; };
		E76D09641832C2AE00F8BD5A /* TransformUtils.m in Sources */ = {isa = PBXBuildFile; fileRef = E76D09631832C2AE00F8BD5A /* TransformUtils.m */; };
		E76D09691832C2AE00F8BD5A /* ZipUtils.m in Sources */ = {isa = PBXBuildFile; fileRef = E76D09681832C2AE00F8BD5A /* ZipUtils.m */; };
		E76D096E1832C2AE00F8BD5A /* CDAudioManager.m in Sources */ = {isa = PBXBuildFile; fileRef = E76D096D1832C2AE00F8BD5A /* CDAudioManager.m */; };
		E76D09721832C2AE00F8BD5A /* CDOpenALSupport.m in Sources */ = {isa = PBXBuildFile; fileRef = E76D09711832C2AE00F8BD5A /* CDOpenALSupport.m */; };
		E76D09751832C2AE00F8BD5A /* CocosDenshion.m in Sources */ = {isa = PBXBuildFile; fileRef = E76D09741832C2AE00F8BD5A /* CocosDenshion.m */; };
		E76D09781832C2AE00F8BD5A /* SimpleAudioEngine.m in Sources */ = {isa = PBXBuildFile; fileRef = E76D09771832C2AE00F8BD5A /* SimpleAudioEngine.m */; };
		E76D097D1832C2AE00F8BD5A /* CLScoreServerPost.m in Sources */ = {isa = PBXBuildFile; fileRef = E76D097C1832C2AE00F8BD5A /* CLScoreServerPost.m */; };
		E76D09801832C2AE00F8BD5A /* CLScoreServerRequest.m in Sources */ = {isa = PBXBuildFile; fileRef = E76D097F1832C2AE00F8BD5A /* CLScoreServerRequest.m */; };
		E76D09831832C2AE00F8BD5A /* cocoslive.m in Sources */ = {isa = PBXBuildFile; fileRef = E76D09821832C2AE00F8BD5A /* cocoslive.m */; };
		E76D09881832C2AE00F8BD5A /* CDataScanner.m in Sources */ = {isa = PBXBuildFile; fileRef = E76D09871832C2AE00F8BD5A /* CDataScanner.m */; };
		E76D098C1832C2AE00F8BD5A /* CDataScanner_Extensions.m in Sources */ = {isa = PBXBuildFile; fileRef = E76D098B1832C2AE00F8BD5A /* CDataScanner_Extensions.m */; };
		E76D098F1832C2AE00F8BD5A /* NSDictionary_JSONExtensions.m in Sources */ = {isa = PBXBuildFile; fileRef = E76D098E1832C2AE00F8BD5A /* NSDictionary_JSONExtensions.m */; };
		E76D09931832C2AE00F8BD5A /* CJSONDeserializer.m in Sources */ = {isa = PBXBuildFile; fileRef = E76D09921832C2AE00F8BD5A /* CJSONDeserializer.m */; };
		E76D09961832C2AF00F8BD5A /* CJSONScanner.m in Sources */ = {isa = PBXBuildFile; fileRef = E76D09951832C2AF00F8BD5A /* CJSONScanner.m */; };
		E76D09991832C2AF00F8BD5A /* CJSONSerializer.m in Sources */ = {isa = PBXBuildFile; fileRef = E76D09981832C2AF00F8BD5A /* CJSONSerializer.m */; };
		E76D099E1832C2AF00F8BD5A /* FontLabel.m in Sources */ = {isa = PBXBuildFile; fileRef = E76D099D1832C2AF00F8BD5A /* FontLabel.m */; };
		E76D09A11832C2AF00F8BD5A /* FontLabelStringDrawing.m in Sources */ = {isa = PBXBuildFile; fileRef = E76D09A01832C2AF00F8BD5A /* FontLabelStringDrawing.m */; };
		E76D09A41832C2AF00F8BD5A /* FontManager.m in Sources */ = {isa = PBXBuildFile; fileRef = E76D09A31832C2AF00F8BD5A /* FontManager.m */; };
		E76D09A71832C2AF00F8BD5A /* ZAttributedString.m in Sources */ = {isa = PBXBuildFile; fileRef = E76D09A61832C2AF00F8BD5A /* ZAttributedString.m */; };
		E76D09AB1832C2AF00F8BD5A /* ZFont.m in Sources */ = {isa = PBXBuildFile; fileRef = E76D09AA1832C2AF00F8BD5A /* ZFont.m */; };
		E76D09B01832C2AF00F8BD5A /* main.m in Sources */ = {isa = PBXBuildFile; fileRef = E76D09AF1832C2AF00F8BD5A /* main.m */; };
		E76D09B31832C2AF00F8BD5A /* AppDelegate.m in Sources */ = {isa = PBXBuildFile; fileRef = E76D09B21832C2AF00F8BD5A /* AppDelegate.m */; };
		E76D09B61832C2AF00F8BD5A /* RootViewController.m in Sources */ = {isa = PBXBuildFile; fileRef = E76D09B51832C2AF00F8BD5A /* RootViewController.m */; };
		E76D09B91832C2AF00F8BD5A /* HelloWorldLayer.m in Sources */ = {isa = PBXBuildFile; fileRef = E76D09B81832C2AF00F8BD5A /* HelloWorldLayer.m */; };
/* End PBXBuildFile section */

/* Begin PBXFileReference section */
		E76D08491832C2AD00F8BD5A /* stinkbug.app */ = {isa = PBXFileReference; explicitFileType = wrapper.application; includeInIndex = 0; path = stinkbug.app; sourceTree = BUILT_PRODUCTS_DIR; };
		E76D084C1832C2AD00F8BD5A /* QuartzCore.framework */ = {isa = PBXFileReference; lastKnownFileType = wrapper.framework; name = QuartzCore.framework; path = System/Library/Frameworks/QuartzCore.framework; sourceTree = SDKROOT; };
		E76D084E1832C2AD00F8BD5A /* OpenGLES.framework */ = {isa = PBXFileReference; lastKnownFileType = wrapper.framework; name = OpenGLES.framework; path = System/Library/Frameworks/OpenGLES.framework; sourceTree = SDKROOT; };
		E76D08501832C2AD00F8BD5A /* OpenAL.framework */ = {isa = PBXFileReference; lastKnownFileType = wrapper.framework; name = OpenAL.framework; path = System/Library/Frameworks/OpenAL.framework; sourceTree = SDKROOT; };
		E76D08521832C2AD00F8BD5A /* AudioToolbox.framework */ = {isa = PBXFileReference; lastKnownFileType = wrapper.framework; name = AudioToolbox.framework; path = System/Library/Frameworks/AudioToolbox.framework; sourceTree = SDKROOT; };
		E76D08541832C2AD00F8BD5A /* AVFoundation.framework */ = {isa = PBXFileReference; lastKnownFileType = wrapper.framework; name = AVFoundation.framework; path = System/Library/Frameworks/AVFoundation.framework; sourceTree = SDKROOT; };
		E76D08561832C2AD00F8BD5A /* UIKit.framework */ = {isa = PBXFileReference; lastKnownFileType = wrapper.framework; name = UIKit.framework; path = System/Library/Frameworks/UIKit.framework; sourceTree = SDKROOT; };
		E76D08581832C2AD00F8BD5A /* Foundation.framework */ = {isa = PBXFileReference; lastKnownFileType = wrapper.framework; name = Foundation.framework; path = System/Library/Frameworks/Foundation.framework; sourceTree = SDKROOT; };
		E76D085A1832C2AD00F8BD5A /* CoreGraphics.framework */ = {isa = PBXFileReference; lastKnownFileType = wrapper.framework; name = CoreGraphics.framework; path = System/Library/Frameworks/CoreGraphics.framework; sourceTree = SDKROOT; };
		E76D085E1832C2AD00F8BD5A /* Default.png */ = {isa = PBXFileReference; lastKnownFileType = image.png; name = Default.png; path = Resources/Default.png; sourceTree = "<group>"; };
		E76D08601832C2AD00F8BD5A /* fps_images.png */ = {isa = PBXFileReference; lastKnownFileType = image.png; name = fps_images.png; path = Resources/fps_images.png; sourceTree = "<group>"; };
		E76D08621832C2AD00F8BD5A /* Icon-72.png */ = {isa = PBXFileReference; lastKnownFileType = image.png; name = "Icon-72.png"; path = "Resources/Icon-72.png"; sourceTree = "<group>"; };
		E76D08641832C2AD00F8BD5A /* Icon-Small-50.png */ = {isa = PBXFileReference; lastKnownFileType = image.png; name = "Icon-Small-50.png"; path = "Resources/Icon-Small-50.png"; sourceTree = "<group>"; };
		E76D08661832C2AD00F8BD5A /* Icon-Small.png */ = {isa = PBXFileReference; lastKnownFileType = image.png; name = "Icon-Small.png"; path = "Resources/Icon-Small.png"; sourceTree = "<group>"; };
		E76D08681832C2AD00F8BD5A /* Icon-Small@2x.png */ = {isa = PBXFileReference; lastKnownFileType = image.png; name = "Icon-Small@2x.png"; path = "Resources/Icon-Small@2x.png"; sourceTree = "<group>"; };
		E76D086A1832C2AD00F8BD5A /* Icon.png */ = {isa = PBXFileReference; lastKnownFileType = image.png; name = Icon.png; path = Resources/Icon.png; sourceTree = "<group>"; };
		E76D086C1832C2AD00F8BD5A /* Icon@2x.png */ = {isa = PBXFileReference; lastKnownFileType = image.png; name = "Icon@2x.png"; path = "Resources/Icon@2x.png"; sourceTree = "<group>"; };
		E76D086E1832C2AD00F8BD5A /* Info.plist */ = {isa = PBXFileReference; lastKnownFileType = text.plist.xml; name = Info.plist; path = Resources/Info.plist; sourceTree = "<group>"; };
		E76D086F1832C2AD00F8BD5A /* iTunesArtwork */ = {isa = PBXFileReference; lastKnownFileType = file; name = iTunesArtwork; path = Resources/iTunesArtwork; sourceTree = "<group>"; };
		E76D08731832C2AD00F8BD5A /* CCAction.h */ = {isa = PBXFileReference; lastKnownFileType = sourcecode.c.h; name = CCAction.h; path = libs/cocos2d/CCAction.h; sourceTree = "<group>"; };
		E76D08741832C2AD00F8BD5A /* CCAction.m */ = {isa = PBXFileReference; lastKnownFileType = sourcecode.c.objc; name = CCAction.m; path = libs/cocos2d/CCAction.m; sourceTree = "<group>"; };
		E76D08761832C2AD00F8BD5A /* CCActionCamera.h */ = {isa = PBXFileReference; lastKnownFileType = sourcecode.c.h; name = CCActionCamera.h; path = libs/cocos2d/CCActionCamera.h; sourceTree = "<group>"; };
		E76D08771832C2AD00F8BD5A /* CCActionCamera.m */ = {isa = PBXFileReference; lastKnownFileType = sourcecode.c.objc; name = CCActionCamera.m; path = libs/cocos2d/CCActionCamera.m; sourceTree = "<group>"; };
		E76D08791832C2AD00F8BD5A /* CCActionEase.h */ = {isa = PBXFileReference; lastKnownFileType = sourcecode.c.h; name = CCActionEase.h; path = libs/cocos2d/CCActionEase.h; sourceTree = "<group>"; };
		E76D087A1832C2AD00F8BD5A /* CCActionEase.m */ = {isa = PBXFileReference; lastKnownFileType = sourcecode.c.objc; name = CCActionEase.m; path = libs/cocos2d/CCActionEase.m; sourceTree = "<group>"; };
		E76D087C1832C2AD00F8BD5A /* CCActionGrid.h */ = {isa = PBXFileReference; lastKnownFileType = sourcecode.c.h; name = CCActionGrid.h; path = libs/cocos2d/CCActionGrid.h; sourceTree = "<group>"; };
		E76D087D1832C2AD00F8BD5A /* CCActionGrid.m */ = {isa = PBXFileReference; lastKnownFileType = sourcecode.c.objc; name = CCActionGrid.m; path = libs/cocos2d/CCActionGrid.m; sourceTree = "<group>"; };
		E76D087F1832C2AD00F8BD5A /* CCActionGrid3D.h */ = {isa = PBXFileReference; lastKnownFileType = sourcecode.c.h; name = CCActionGrid3D.h; path = libs/cocos2d/CCActionGrid3D.h; sourceTree = "<group>"; };
		E76D08801832C2AD00F8BD5A /* CCActionGrid3D.m */ = {isa = PBXFileReference; lastKnownFileType = sourcecode.c.objc; name = CCActionGrid3D.m; path = libs/cocos2d/CCActionGrid3D.m; sourceTree = "<group>"; };
		E76D08821832C2AD00F8BD5A /* CCActionInstant.h */ = {isa = PBXFileReference; lastKnownFileType = sourcecode.c.h; name = CCActionInstant.h; path = libs/cocos2d/CCActionInstant.h; sourceTree = "<group>"; };
		E76D08831832C2AD00F8BD5A /* CCActionInstant.m */ = {isa = PBXFileReference; lastKnownFileType = sourcecode.c.objc; name = CCActionInstant.m; path = libs/cocos2d/CCActionInstant.m; sourceTree = "<group>"; };
		E76D08851832C2AD00F8BD5A /* CCActionInterval.h */ = {isa = PBXFileReference; lastKnownFileType = sourcecode.c.h; name = CCActionInterval.h; path = libs/cocos2d/CCActionInterval.h; sourceTree = "<group>"; };
		E76D08861832C2AD00F8BD5A /* CCActionInterval.m */ = {isa = PBXFileReference; lastKnownFileType = sourcecode.c.objc; name = CCActionInterval.m; path = libs/cocos2d/CCActionInterval.m; sourceTree = "<group>"; };
		E76D08881832C2AD00F8BD5A /* CCActionManager.h */ = {isa = PBXFileReference; lastKnownFileType = sourcecode.c.h; name = CCActionManager.h; path = libs/cocos2d/CCActionManager.h; sourceTree = "<group>"; };
		E76D08891832C2AD00F8BD5A /* CCActionManager.m */ = {isa = PBXFileReference; lastKnownFileType = sourcecode.c.objc; name = CCActionManager.m; path = libs/cocos2d/CCActionManager.m; sourceTree = "<group>"; };
		E76D088B1832C2AD00F8BD5A /* CCActionPageTurn3D.h */ = {isa = PBXFileReference; lastKnownFileType = sourcecode.c.h; name = CCActionPageTurn3D.h; path = libs/cocos2d/CCActionPageTurn3D.h; sourceTree = "<group>"; };
		E76D088C1832C2AD00F8BD5A /* CCActionPageTurn3D.m */ = {isa = PBXFileReference; lastKnownFileType = sourcecode.c.objc; name = CCActionPageTurn3D.m; path = libs/cocos2d/CCActionPageTurn3D.m; sourceTree = "<group>"; };
		E76D088E1832C2AD00F8BD5A /* CCActionProgressTimer.h */ = {isa = PBXFileReference; lastKnownFileType = sourcecode.c.h; name = CCActionProgressTimer.h; path = libs/cocos2d/CCActionProgressTimer.h; sourceTree = "<group>"; };
		E76D088F1832C2AD00F8BD5A /* CCActionProgressTimer.m */ = {isa = PBXFileReference; lastKnownFileType = sourcecode.c.objc; name = CCActionProgressTimer.m; path = libs/cocos2d/CCActionProgressTimer.m; sourceTree = "<group>"; };
		E76D08911832C2AD00F8BD5A /* CCActionTiledGrid.h */ = {isa = PBXFileReference; lastKnownFileType = sourcecode.c.h; name = CCActionTiledGrid.h; path = libs/cocos2d/CCActionTiledGrid.h; sourceTree = "<group>"; };
		E76D08921832C2AD00F8BD5A /* CCActionTiledGrid.m */ = {isa = PBXFileReference; lastKnownFileType = sourcecode.c.objc; name = CCActionTiledGrid.m; path = libs/cocos2d/CCActionTiledGrid.m; sourceTree = "<group>"; };
		E76D08941832C2AD00F8BD5A /* CCActionTween.h */ = {isa = PBXFileReference; lastKnownFileType = sourcecode.c.h; name = CCActionTween.h; path = libs/cocos2d/CCActionTween.h; sourceTree = "<group>"; };
		E76D08951832C2AD00F8BD5A /* CCActionTween.m */ = {isa = PBXFileReference; lastKnownFileType = sourcecode.c.objc; name = CCActionTween.m; path = libs/cocos2d/CCActionTween.m; sourceTree = "<group>"; };
		E76D08971832C2AD00F8BD5A /* CCAnimation.h */ = {isa = PBXFileReference; lastKnownFileType = sourcecode.c.h; name = CCAnimation.h; path = libs/cocos2d/CCAnimation.h; sourceTree = "<group>"; };
		E76D08981832C2AD00F8BD5A /* CCAnimation.m */ = {isa = PBXFileReference; lastKnownFileType = sourcecode.c.objc; name = CCAnimation.m; path = libs/cocos2d/CCAnimation.m; sourceTree = "<group>"; };
		E76D089A1832C2AD00F8BD5A /* CCAnimationCache.h */ = {isa = PBXFileReference; lastKnownFileType = sourcecode.c.h; name = CCAnimationCache.h; path = libs/cocos2d/CCAnimationCache.h; sourceTree = "<group>"; };
		E76D089B1832C2AD00F8BD5A /* CCAnimationCache.m */ = {isa = PBXFileReference; lastKnownFileType = sourcecode.c.objc; name = CCAnimationCache.m; path = libs/cocos2d/CCAnimationCache.m; sourceTree = "<group>"; };
		E76D089D1832C2AE00F8BD5A /* CCAtlasNode.h */ = {isa = PBXFileReference; lastKnownFileType = sourcecode.c.h; name = CCAtlasNode.h; path = libs/cocos2d/CCAtlasNode.h; sourceTree = "<group>"; };
		E76D089E1832C2AE00F8BD5A /* CCAtlasNode.m */ = {isa = PBXFileReference; lastKnownFileType = sourcecode.c.objc; name = CCAtlasNode.m; path = libs/cocos2d/CCAtlasNode.m; sourceTree = "<group>"; };
		E76D08A01832C2AE00F8BD5A /* CCBlockSupport.h */ = {isa = PBXFileReference; lastKnownFileType = sourcecode.c.h; name = CCBlockSupport.h; path = libs/cocos2d/CCBlockSupport.h; sourceTree = "<group>"; };
		E76D08A11832C2AE00F8BD5A /* CCBlockSupport.m */ = {isa = PBXFileReference; lastKnownFileType = sourcecode.c.objc; name = CCBlockSupport.m; path = libs/cocos2d/CCBlockSupport.m; sourceTree = "<group>"; };
		E76D08A31832C2AE00F8BD5A /* CCCamera.h */ = {isa = PBXFileReference; lastKnownFileType = sourcecode.c.h; name = CCCamera.h; path = libs/cocos2d/CCCamera.h; sourceTree = "<group>"; };
		E76D08A41832C2AE00F8BD5A /* CCCamera.m */ = {isa = PBXFileReference; lastKnownFileType = sourcecode.c.objc; name = CCCamera.m; path = libs/cocos2d/CCCamera.m; sourceTree = "<group>"; };
		E76D08A61832C2AE00F8BD5A /* ccConfig.h */ = {isa = PBXFileReference; lastKnownFileType = sourcecode.c.h; name = ccConfig.h; path = libs/cocos2d/ccConfig.h; sourceTree = "<group>"; };
		E76D08A71832C2AE00F8BD5A /* CCConfiguration.h */ = {isa = PBXFileReference; lastKnownFileType = sourcecode.c.h; name = CCConfiguration.h; path = libs/cocos2d/CCConfiguration.h; sourceTree = "<group>"; };
		E76D08A81832C2AE00F8BD5A /* CCConfiguration.m */ = {isa = PBXFileReference; lastKnownFileType = sourcecode.c.objc; name = CCConfiguration.m; path = libs/cocos2d/CCConfiguration.m; sourceTree = "<group>"; };
		E76D08AA1832C2AE00F8BD5A /* CCDirector.h */ = {isa = PBXFileReference; lastKnownFileType = sourcecode.c.h; name = CCDirector.h; path = libs/cocos2d/CCDirector.h; sourceTree = "<group>"; };
		E76D08AB1832C2AE00F8BD5A /* CCDirector.m */ = {isa = PBXFileReference; lastKnownFileType = sourcecode.c.objc; name = CCDirector.m; path = libs/cocos2d/CCDirector.m; sourceTree = "<group>"; };
		E76D08AD1832C2AE00F8BD5A /* CCDrawingPrimitives.h */ = {isa = PBXFileReference; lastKnownFileType = sourcecode.c.h; name = CCDrawingPrimitives.h; path = libs/cocos2d/CCDrawingPrimitives.h; sourceTree = "<group>"; };
		E76D08AE1832C2AE00F8BD5A /* CCDrawingPrimitives.m */ = {isa = PBXFileReference; lastKnownFileType = sourcecode.c.objc; name = CCDrawingPrimitives.m; path = libs/cocos2d/CCDrawingPrimitives.m; sourceTree = "<group>"; };
		E76D08B01832C2AE00F8BD5A /* CCGrabber.h */ = {isa = PBXFileReference; lastKnownFileType = sourcecode.c.h; name = CCGrabber.h; path = libs/cocos2d/CCGrabber.h; sourceTree = "<group>"; };
		E76D08B11832C2AE00F8BD5A /* CCGrabber.m */ = {isa = PBXFileReference; lastKnownFileType = sourcecode.c.objc; name = CCGrabber.m; path = libs/cocos2d/CCGrabber.m; sourceTree = "<group>"; };
		E76D08B31832C2AE00F8BD5A /* CCGrid.h */ = {isa = PBXFileReference; lastKnownFileType = sourcecode.c.h; name = CCGrid.h; path = libs/cocos2d/CCGrid.h; sourceTree = "<group>"; };
		E76D08B41832C2AE00F8BD5A /* CCGrid.m */ = {isa = PBXFileReference; lastKnownFileType = sourcecode.c.objc; name = CCGrid.m; path = libs/cocos2d/CCGrid.m; sourceTree = "<group>"; };
		E76D08B61832C2AE00F8BD5A /* CCLabelAtlas.h */ = {isa = PBXFileReference; lastKnownFileType = sourcecode.c.h; name = CCLabelAtlas.h; path = libs/cocos2d/CCLabelAtlas.h; sourceTree = "<group>"; };
		E76D08B71832C2AE00F8BD5A /* CCLabelAtlas.m */ = {isa = PBXFileReference; lastKnownFileType = sourcecode.c.objc; name = CCLabelAtlas.m; path = libs/cocos2d/CCLabelAtlas.m; sourceTree = "<group>"; };
		E76D08B91832C2AE00F8BD5A /* CCLabelBMFont.h */ = {isa = PBXFileReference; lastKnownFileType = sourcecode.c.h; name = CCLabelBMFont.h; path = libs/cocos2d/CCLabelBMFont.h; sourceTree = "<group>"; };
		E76D08BA1832C2AE00F8BD5A /* CCLabelBMFont.m */ = {isa = PBXFileReference; lastKnownFileType = sourcecode.c.objc; name = CCLabelBMFont.m; path = libs/cocos2d/CCLabelBMFont.m; sourceTree = "<group>"; };
		E76D08BC1832C2AE00F8BD5A /* CCLabelTTF.h */ = {isa = PBXFileReference; lastKnownFileType = sourcecode.c.h; name = CCLabelTTF.h; path = libs/cocos2d/CCLabelTTF.h; sourceTree = "<group>"; };
		E76D08BD1832C2AE00F8BD5A /* CCLabelTTF.m */ = {isa = PBXFileReference; lastKnownFileType = sourcecode.c.objc; name = CCLabelTTF.m; path = libs/cocos2d/CCLabelTTF.m; sourceTree = "<group>"; };
		E76D08BF1832C2AE00F8BD5A /* CCLayer.h */ = {isa = PBXFileReference; lastKnownFileType = sourcecode.c.h; name = CCLayer.h; path = libs/cocos2d/CCLayer.h; sourceTree = "<group>"; };
		E76D08C01832C2AE00F8BD5A /* CCLayer.m */ = {isa = PBXFileReference; lastKnownFileType = sourcecode.c.objc; name = CCLayer.m; path = libs/cocos2d/CCLayer.m; sourceTree = "<group>"; };
		E76D08C21832C2AE00F8BD5A /* ccMacros.h */ = {isa = PBXFileReference; lastKnownFileType = sourcecode.c.h; name = ccMacros.h; path = libs/cocos2d/ccMacros.h; sourceTree = "<group>"; };
		E76D08C31832C2AE00F8BD5A /* CCMenu.h */ = {isa = PBXFileReference; lastKnownFileType = sourcecode.c.h; name = CCMenu.h; path = libs/cocos2d/CCMenu.h; sourceTree = "<group>"; };
		E76D08C41832C2AE00F8BD5A /* CCMenu.m */ = {isa = PBXFileReference; lastKnownFileType = sourcecode.c.objc; name = CCMenu.m; path = libs/cocos2d/CCMenu.m; sourceTree = "<group>"; };
		E76D08C61832C2AE00F8BD5A /* CCMenuItem.h */ = {isa = PBXFileReference; lastKnownFileType = sourcecode.c.h; name = CCMenuItem.h; path = libs/cocos2d/CCMenuItem.h; sourceTree = "<group>"; };
		E76D08C71832C2AE00F8BD5A /* CCMenuItem.m */ = {isa = PBXFileReference; lastKnownFileType = sourcecode.c.objc; name = CCMenuItem.m; path = libs/cocos2d/CCMenuItem.m; sourceTree = "<group>"; };
		E76D08C91832C2AE00F8BD5A /* CCMotionStreak.h */ = {isa = PBXFileReference; lastKnownFileType = sourcecode.c.h; name = CCMotionStreak.h; path = libs/cocos2d/CCMotionStreak.h; sourceTree = "<group>"; };
		E76D08CA1832C2AE00F8BD5A /* CCMotionStreak.m */ = {isa = PBXFileReference; lastKnownFileType = sourcecode.c.objc; name = CCMotionStreak.m; path = libs/cocos2d/CCMotionStreak.m; sourceTree = "<group>"; };
		E76D08CC1832C2AE00F8BD5A /* CCNode.h */ = {isa = PBXFileReference; lastKnownFileType = sourcecode.c.h; name = CCNode.h; path = libs/cocos2d/CCNode.h; sourceTree = "<group>"; };
		E76D08CD1832C2AE00F8BD5A /* CCNode.m */ = {isa = PBXFileReference; lastKnownFileType = sourcecode.c.objc; name = CCNode.m; path = libs/cocos2d/CCNode.m; sourceTree = "<group>"; };
		E76D08CF1832C2AE00F8BD5A /* CCParallaxNode.h */ = {isa = PBXFileReference; lastKnownFileType = sourcecode.c.h; name = CCParallaxNode.h; path = libs/cocos2d/CCParallaxNode.h; sourceTree = "<group>"; };
		E76D08D01832C2AE00F8BD5A /* CCParallaxNode.m */ = {isa = PBXFileReference; lastKnownFileType = sourcecode.c.objc; name = CCParallaxNode.m; path = libs/cocos2d/CCParallaxNode.m; sourceTree = "<group>"; };
		E76D08D21832C2AE00F8BD5A /* CCParticleBatchNode.h */ = {isa = PBXFileReference; lastKnownFileType = sourcecode.c.h; name = CCParticleBatchNode.h; path = libs/cocos2d/CCParticleBatchNode.h; sourceTree = "<group>"; };
		E76D08D31832C2AE00F8BD5A /* CCParticleBatchNode.m */ = {isa = PBXFileReference; lastKnownFileType = sourcecode.c.objc; name = CCParticleBatchNode.m; path = libs/cocos2d/CCParticleBatchNode.m; sourceTree = "<group>"; };
		E76D08D51832C2AE00F8BD5A /* CCParticleExamples.h */ = {isa = PBXFileReference; lastKnownFileType = sourcecode.c.h; name = CCParticleExamples.h; path = libs/cocos2d/CCParticleExamples.h; sourceTree = "<group>"; };
		E76D08D61832C2AE00F8BD5A /* CCParticleExamples.m */ = {isa = PBXFileReference; lastKnownFileType = sourcecode.c.objc; name = CCParticleExamples.m; path = libs/cocos2d/CCParticleExamples.m; sourceTree = "<group>"; };
		E76D08D81832C2AE00F8BD5A /* CCParticleSystem.h */ = {isa = PBXFileReference; lastKnownFileType = sourcecode.c.h; name = CCParticleSystem.h; path = libs/cocos2d/CCParticleSystem.h; sourceTree = "<group>"; };
		E76D08D91832C2AE00F8BD5A /* CCParticleSystem.m */ = {isa = PBXFileReference; lastKnownFileType = sourcecode.c.objc; name = CCParticleSystem.m; path = libs/cocos2d/CCParticleSystem.m; sourceTree = "<group>"; };
		E76D08DB1832C2AE00F8BD5A /* CCParticleSystemPoint.h */ = {isa = PBXFileReference; lastKnownFileType = sourcecode.c.h; name = CCParticleSystemPoint.h; path = libs/cocos2d/CCParticleSystemPoint.h; sourceTree = "<group>"; };
		E76D08DC1832C2AE00F8BD5A /* CCParticleSystemPoint.m */ = {isa = PBXFileReference; lastKnownFileType = sourcecode.c.objc; name = CCParticleSystemPoint.m; path = libs/cocos2d/CCParticleSystemPoint.m; sourceTree = "<group>"; };
		E76D08DE1832C2AE00F8BD5A /* CCParticleSystemQuad.h */ = {isa = PBXFileReference; lastKnownFileType = sourcecode.c.h; name = CCParticleSystemQuad.h; path = libs/cocos2d/CCParticleSystemQuad.h; sourceTree = "<group>"; };
		E76D08DF1832C2AE00F8BD5A /* CCParticleSystemQuad.m */ = {isa = PBXFileReference; lastKnownFileType = sourcecode.c.objc; name = CCParticleSystemQuad.m; path = libs/cocos2d/CCParticleSystemQuad.m; sourceTree = "<group>"; };
		E76D08E11832C2AE00F8BD5A /* CCProgressTimer.h */ = {isa = PBXFileReference; lastKnownFileType = sourcecode.c.h; name = CCProgressTimer.h; path = libs/cocos2d/CCProgressTimer.h; sourceTree = "<group>"; };
		E76D08E21832C2AE00F8BD5A /* CCProgressTimer.m */ = {isa = PBXFileReference; lastKnownFileType = sourcecode.c.objc; name = CCProgressTimer.m; path = libs/cocos2d/CCProgressTimer.m; sourceTree = "<group>"; };
		E76D08E41832C2AE00F8BD5A /* CCProtocols.h */ = {isa = PBXFileReference; lastKnownFileType = sourcecode.c.h; name = CCProtocols.h; path = libs/cocos2d/CCProtocols.h; sourceTree = "<group>"; };
		E76D08E51832C2AE00F8BD5A /* CCRenderTexture.h */ = {isa = PBXFileReference; lastKnownFileType = sourcecode.c.h; name = CCRenderTexture.h; path = libs/cocos2d/CCRenderTexture.h; sourceTree = "<group>"; };
		E76D08E61832C2AE00F8BD5A /* CCRenderTexture.m */ = {isa = PBXFileReference; lastKnownFileType = sourcecode.c.objc; name = CCRenderTexture.m; path = libs/cocos2d/CCRenderTexture.m; sourceTree = "<group>"; };
		E76D08E81832C2AE00F8BD5A /* CCRibbon.h */ = {isa = PBXFileReference; lastKnownFileType = sourcecode.c.h; name = CCRibbon.h; path = libs/cocos2d/CCRibbon.h; sourceTree = "<group>"; };
		E76D08E91832C2AE00F8BD5A /* CCRibbon.m */ = {isa = PBXFileReference; lastKnownFileType = sourcecode.c.objc; name = CCRibbon.m; path = libs/cocos2d/CCRibbon.m; sourceTree = "<group>"; };
		E76D08EB1832C2AE00F8BD5A /* CCScene.h */ = {isa = PBXFileReference; lastKnownFileType = sourcecode.c.h; name = CCScene.h; path = libs/cocos2d/CCScene.h; sourceTree = "<group>"; };
		E76D08EC1832C2AE00F8BD5A /* CCScene.m */ = {isa = PBXFileReference; lastKnownFileType = sourcecode.c.objc; name = CCScene.m; path = libs/cocos2d/CCScene.m; sourceTree = "<group>"; };
		E76D08EE1832C2AE00F8BD5A /* CCScheduler.h */ = {isa = PBXFileReference; lastKnownFileType = sourcecode.c.h; name = CCScheduler.h; path = libs/cocos2d/CCScheduler.h; sourceTree = "<group>"; };
		E76D08EF1832C2AE00F8BD5A /* CCScheduler.m */ = {isa = PBXFileReference; lastKnownFileType = sourcecode.c.objc; name = CCScheduler.m; path = libs/cocos2d/CCScheduler.m; sourceTree = "<group>"; };
		E76D08F11832C2AE00F8BD5A /* CCSprite.h */ = {isa = PBXFileReference; lastKnownFileType = sourcecode.c.h; name = CCSprite.h; path = libs/cocos2d/CCSprite.h; sourceTree = "<group>"; };
		E76D08F21832C2AE00F8BD5A /* CCSprite.m */ = {isa = PBXFileReference; lastKnownFileType = sourcecode.c.objc; name = CCSprite.m; path = libs/cocos2d/CCSprite.m; sourceTree = "<group>"; };
		E76D08F41832C2AE00F8BD5A /* CCSpriteBatchNode.h */ = {isa = PBXFileReference; lastKnownFileType = sourcecode.c.h; name = CCSpriteBatchNode.h; path = libs/cocos2d/CCSpriteBatchNode.h; sourceTree = "<group>"; };
		E76D08F51832C2AE00F8BD5A /* CCSpriteBatchNode.m */ = {isa = PBXFileReference; lastKnownFileType = sourcecode.c.objc; name = CCSpriteBatchNode.m; path = libs/cocos2d/CCSpriteBatchNode.m; sourceTree = "<group>"; };
		E76D08F71832C2AE00F8BD5A /* CCSpriteFrame.h */ = {isa = PBXFileReference; lastKnownFileType = sourcecode.c.h; name = CCSpriteFrame.h; path = libs/cocos2d/CCSpriteFrame.h; sourceTree = "<group>"; };
		E76D08F81832C2AE00F8BD5A /* CCSpriteFrame.m */ = {isa = PBXFileReference; lastKnownFileType = sourcecode.c.objc; name = CCSpriteFrame.m; path = libs/cocos2d/CCSpriteFrame.m; sourceTree = "<group>"; };
		E76D08FA1832C2AE00F8BD5A /* CCSpriteFrameCache.h */ = {isa = PBXFileReference; lastKnownFileType = sourcecode.c.h; name = CCSpriteFrameCache.h; path = libs/cocos2d/CCSpriteFrameCache.h; sourceTree = "<group>"; };
		E76D08FB1832C2AE00F8BD5A /* CCSpriteFrameCache.m */ = {isa = PBXFileReference; lastKnownFileType = sourcecode.c.objc; name = CCSpriteFrameCache.m; path = libs/cocos2d/CCSpriteFrameCache.m; sourceTree = "<group>"; };
		E76D08FD1832C2AE00F8BD5A /* CCTexture2D.h */ = {isa = PBXFileReference; lastKnownFileType = sourcecode.c.h; name = CCTexture2D.h; path = libs/cocos2d/CCTexture2D.h; sourceTree = "<group>"; };
		E76D08FE1832C2AE00F8BD5A /* CCTexture2D.m */ = {isa = PBXFileReference; lastKnownFileType = sourcecode.c.objc; name = CCTexture2D.m; path = libs/cocos2d/CCTexture2D.m; sourceTree = "<group>"; };
		E76D09001832C2AE00F8BD5A /* CCTextureAtlas.h */ = {isa = PBXFileReference; lastKnownFileType = sourcecode.c.h; name = CCTextureAtlas.h; path = libs/cocos2d/CCTextureAtlas.h; sourceTree = "<group>"; };
		E76D09011832C2AE00F8BD5A /* CCTextureAtlas.m */ = {isa = PBXFileReference; lastKnownFileType = sourcecode.c.objc; name = CCTextureAtlas.m; path = libs/cocos2d/CCTextureAtlas.m; sourceTree = "<group>"; };
		E76D09031832C2AE00F8BD5A /* CCTextureCache.h */ = {isa = PBXFileReference; lastKnownFileType = sourcecode.c.h; name = CCTextureCache.h; path = libs/cocos2d/CCTextureCache.h; sourceTree = "<group>"; };
		E76D09041832C2AE00F8BD5A /* CCTextureCache.m */ = {isa = PBXFileReference; lastKnownFileType = sourcecode.c.objc; name = CCTextureCache.m; path = libs/cocos2d/CCTextureCache.m; sourceTree = "<group>"; };
		E76D09061832C2AE00F8BD5A /* CCTexturePVR.h */ = {isa = PBXFileReference; lastKnownFileType = sourcecode.c.h; name = CCTexturePVR.h; path = libs/cocos2d/CCTexturePVR.h; sourceTree = "<group>"; };
		E76D09071832C2AE00F8BD5A /* CCTexturePVR.m */ = {isa = PBXFileReference; lastKnownFileType = sourcecode.c.objc; name = CCTexturePVR.m; path = libs/cocos2d/CCTexturePVR.m; sourceTree = "<group>"; };
		E76D09091832C2AE00F8BD5A /* CCTileMapAtlas.h */ = {isa = PBXFileReference; lastKnownFileType = sourcecode.c.h; name = CCTileMapAtlas.h; path = libs/cocos2d/CCTileMapAtlas.h; sourceTree = "<group>"; };
		E76D090A1832C2AE00F8BD5A /* CCTileMapAtlas.m */ = {isa = PBXFileReference; lastKnownFileType = sourcecode.c.objc; name = CCTileMapAtlas.m; path = libs/cocos2d/CCTileMapAtlas.m; sourceTree = "<group>"; };
		E76D090C1832C2AE00F8BD5A /* CCTMXLayer.h */ = {isa = PBXFileReference; lastKnownFileType = sourcecode.c.h; name = CCTMXLayer.h; path = libs/cocos2d/CCTMXLayer.h; sourceTree = "<group>"; };
		E76D090D1832C2AE00F8BD5A /* CCTMXLayer.m */ = {isa = PBXFileReference; lastKnownFileType = sourcecode.c.objc; name = CCTMXLayer.m; path = libs/cocos2d/CCTMXLayer.m; sourceTree = "<group>"; };
		E76D090F1832C2AE00F8BD5A /* CCTMXObjectGroup.h */ = {isa = PBXFileReference; lastKnownFileType = sourcecode.c.h; name = CCTMXObjectGroup.h; path = libs/cocos2d/CCTMXObjectGroup.h; sourceTree = "<group>"; };
		E76D09101832C2AE00F8BD5A /* CCTMXObjectGroup.m */ = {isa = PBXFileReference; lastKnownFileType = sourcecode.c.objc; name = CCTMXObjectGroup.m; path = libs/cocos2d/CCTMXObjectGroup.m; sourceTree = "<group>"; };
		E76D09121832C2AE00F8BD5A /* CCTMXTiledMap.h */ = {isa = PBXFileReference; lastKnownFileType = sourcecode.c.h; name = CCTMXTiledMap.h; path = libs/cocos2d/CCTMXTiledMap.h; sourceTree = "<group>"; };
		E76D09131832C2AE00F8BD5A /* CCTMXTiledMap.m */ = {isa = PBXFileReference; lastKnownFileType = sourcecode.c.objc; name = CCTMXTiledMap.m; path = libs/cocos2d/CCTMXTiledMap.m; sourceTree = "<group>"; };
		E76D09151832C2AE00F8BD5A /* CCTMXXMLParser.h */ = {isa = PBXFileReference; lastKnownFileType = sourcecode.c.h; name = CCTMXXMLParser.h; path = libs/cocos2d/CCTMXXMLParser.h; sourceTree = "<group>"; };
		E76D09161832C2AE00F8BD5A /* CCTMXXMLParser.m */ = {isa = PBXFileReference; lastKnownFileType = sourcecode.c.objc; name = CCTMXXMLParser.m; path = libs/cocos2d/CCTMXXMLParser.m; sourceTree = "<group>"; };
		E76D09181832C2AE00F8BD5A /* CCTransition.h */ = {isa = PBXFileReference; lastKnownFileType = sourcecode.c.h; name = CCTransition.h; path = libs/cocos2d/CCTransition.h; sourceTree = "<group>"; };
		E76D09191832C2AE00F8BD5A /* CCTransition.m */ = {isa = PBXFileReference; lastKnownFileType = sourcecode.c.objc; name = CCTransition.m; path = libs/cocos2d/CCTransition.m; sourceTree = "<group>"; };
		E76D091B1832C2AE00F8BD5A /* CCTransitionPageTurn.h */ = {isa = PBXFileReference; lastKnownFileType = sourcecode.c.h; name = CCTransitionPageTurn.h; path = libs/cocos2d/CCTransitionPageTurn.h; sourceTree = "<group>"; };
		E76D091C1832C2AE00F8BD5A /* CCTransitionPageTurn.m */ = {isa = PBXFileReference; lastKnownFileType = sourcecode.c.objc; name = CCTransitionPageTurn.m; path = libs/cocos2d/CCTransitionPageTurn.m; sourceTree = "<group>"; };
		E76D091E1832C2AE00F8BD5A /* CCTransitionRadial.h */ = {isa = PBXFileReference; lastKnownFileType = sourcecode.c.h; name = CCTransitionRadial.h; path = libs/cocos2d/CCTransitionRadial.h; sourceTree = "<group>"; };
		E76D091F1832C2AE00F8BD5A /* CCTransitionRadial.m */ = {isa = PBXFileReference; lastKnownFileType = sourcecode.c.objc; name = CCTransitionRadial.m; path = libs/cocos2d/CCTransitionRadial.m; sourceTree = "<group>"; };
		E76D09211832C2AE00F8BD5A /* ccTypes.h */ = {isa = PBXFileReference; lastKnownFileType = sourcecode.c.h; name = ccTypes.h; path = libs/cocos2d/ccTypes.h; sourceTree = "<group>"; };
		E76D09221832C2AE00F8BD5A /* cocos2d.h */ = {isa = PBXFileReference; lastKnownFileType = sourcecode.c.h; name = cocos2d.h; path = libs/cocos2d/cocos2d.h; sourceTree = "<group>"; };
		E76D09231832C2AE00F8BD5A /* cocos2d.m */ = {isa = PBXFileReference; lastKnownFileType = sourcecode.c.objc; name = cocos2d.m; path = libs/cocos2d/cocos2d.m; sourceTree = "<group>"; };
		E76D09261832C2AE00F8BD5A /* CCGL.h */ = {isa = PBXFileReference; lastKnownFileType = sourcecode.c.h; name = CCGL.h; path = libs/cocos2d/Platforms/CCGL.h; sourceTree = "<group>"; };
		E76D09271832C2AE00F8BD5A /* CCNS.h */ = {isa = PBXFileReference; lastKnownFileType = sourcecode.c.h; name = CCNS.h; path = libs/cocos2d/Platforms/CCNS.h; sourceTree = "<group>"; };
		E76D09291832C2AE00F8BD5A /* CCDirectorIOS.h */ = {isa = PBXFileReference; lastKnownFileType = sourcecode.c.h; name = CCDirectorIOS.h; path = libs/cocos2d/Platforms/iOS/CCDirectorIOS.h; sourceTree = "<group>"; };
		E76D092A1832C2AE00F8BD5A /* CCDirectorIOS.m */ = {isa = PBXFileReference; lastKnownFileType = sourcecode.c.objc; name = CCDirectorIOS.m; path = libs/cocos2d/Platforms/iOS/CCDirectorIOS.m; sourceTree = "<group>"; };
		E76D092C1832C2AE00F8BD5A /* CCTouchDelegateProtocol.h */ = {isa = PBXFileReference; lastKnownFileType = sourcecode.c.h; name = CCTouchDelegateProtocol.h; path = libs/cocos2d/Platforms/iOS/CCTouchDelegateProtocol.h; sourceTree = "<group>"; };
		E76D092D1832C2AE00F8BD5A /* CCTouchDispatcher.h */ = {isa = PBXFileReference; lastKnownFileType = sourcecode.c.h; name = CCTouchDispatcher.h; path = libs/cocos2d/Platforms/iOS/CCTouchDispatcher.h; sourceTree = "<group>"; };
		E76D092E1832C2AE00F8BD5A /* CCTouchDispatcher.m */ = {isa = PBXFileReference; lastKnownFileType = sourcecode.c.objc; name = CCTouchDispatcher.m; path = libs/cocos2d/Platforms/iOS/CCTouchDispatcher.m; sourceTree = "<group>"; };
		E76D09301832C2AE00F8BD5A /* CCTouchHandler.h */ = {isa = PBXFileReference; lastKnownFileType = sourcecode.c.h; name = CCTouchHandler.h; path = libs/cocos2d/Platforms/iOS/CCTouchHandler.h; sourceTree = "<group>"; };
		E76D09311832C2AE00F8BD5A /* CCTouchHandler.m */ = {isa = PBXFileReference; lastKnownFileType = sourcecode.c.objc; name = CCTouchHandler.m; path = libs/cocos2d/Platforms/iOS/CCTouchHandler.m; sourceTree = "<group>"; };
		E76D09331832C2AE00F8BD5A /* EAGLView.h */ = {isa = PBXFileReference; lastKnownFileType = sourcecode.c.h; name = EAGLView.h; path = libs/cocos2d/Platforms/iOS/EAGLView.h; sourceTree = "<group>"; };
		E76D09341832C2AE00F8BD5A /* EAGLView.m */ = {isa = PBXFileReference; lastKnownFileType = sourcecode.c.objc; name = EAGLView.m; path = libs/cocos2d/Platforms/iOS/EAGLView.m; sourceTree = "<group>"; };
		E76D09361832C2AE00F8BD5A /* ES1Renderer.h */ = {isa = PBXFileReference; lastKnownFileType = sourcecode.c.h; name = ES1Renderer.h; path = libs/cocos2d/Platforms/iOS/ES1Renderer.h; sourceTree = "<group>"; };
		E76D09371832C2AE00F8BD5A /* ES1Renderer.m */ = {isa = PBXFileReference; lastKnownFileType = sourcecode.c.objc; name = ES1Renderer.m; path = libs/cocos2d/Platforms/iOS/ES1Renderer.m; sourceTree = "<group>"; };
		E76D09391832C2AE00F8BD5A /* ESRenderer.h */ = {isa = PBXFileReference; lastKnownFileType = sourcecode.c.h; name = ESRenderer.h; path = libs/cocos2d/Platforms/iOS/ESRenderer.h; sourceTree = "<group>"; };
		E76D093A1832C2AE00F8BD5A /* glu.c */ = {isa = PBXFileReference; lastKnownFileType = sourcecode.c.c; name = glu.c; path = libs/cocos2d/Platforms/iOS/glu.c; sourceTree = "<group>"; };
		E76D093C1832C2AE00F8BD5A /* glu.h */ = {isa = PBXFileReference; lastKnownFileType = sourcecode.c.h; name = glu.h; path = libs/cocos2d/Platforms/iOS/glu.h; sourceTree = "<group>"; };
		E76D093E1832C2AE00F8BD5A /* CCDirectorMac.h */ = {isa = PBXFileReference; lastKnownFileType = sourcecode.c.h; name = CCDirectorMac.h; path = libs/cocos2d/Platforms/Mac/CCDirectorMac.h; sourceTree = "<group>"; };
		E76D093F1832C2AE00F8BD5A /* CCDirectorMac.m */ = {isa = PBXFileReference; lastKnownFileType = sourcecode.c.objc; name = CCDirectorMac.m; path = libs/cocos2d/Platforms/Mac/CCDirectorMac.m; sourceTree = "<group>"; };
		E76D09411832C2AE00F8BD5A /* CCEventDispatcher.h */ = {isa = PBXFileReference; lastKnownFileType = sourcecode.c.h; name = CCEventDispatcher.h; path = libs/cocos2d/Platforms/Mac/CCEventDispatcher.h; sourceTree = "<group>"; };
		E76D09421832C2AE00F8BD5A /* CCEventDispatcher.m */ = {isa = PBXFileReference; lastKnownFileType = sourcecode.c.objc; name = CCEventDispatcher.m; path = libs/cocos2d/Platforms/Mac/CCEventDispatcher.m; sourceTree = "<group>"; };
		E76D09441832C2AE00F8BD5A /* MacGLView.h */ = {isa = PBXFileReference; lastKnownFileType = sourcecode.c.h; name = MacGLView.h; path = libs/cocos2d/Platforms/Mac/MacGLView.h; sourceTree = "<group>"; };
		E76D09451832C2AE00F8BD5A /* MacGLView.m */ = {isa = PBXFileReference; lastKnownFileType = sourcecode.c.objc; name = MacGLView.m; path = libs/cocos2d/Platforms/Mac/MacGLView.m; sourceTree = "<group>"; };
		E76D09471832C2AE00F8BD5A /* MacWindow.h */ = {isa = PBXFileReference; lastKnownFileType = sourcecode.c.h; name = MacWindow.h; path = libs/cocos2d/Platforms/Mac/MacWindow.h; sourceTree = "<group>"; };
		E76D09481832C2AE00F8BD5A /* MacWindow.m */ = {isa = PBXFileReference; lastKnownFileType = sourcecode.c.objc; name = MacWindow.m; path = libs/cocos2d/Platforms/Mac/MacWindow.m; sourceTree = "<group>"; };
		E76D094B1832C2AE00F8BD5A /* base64.c */ = {isa = PBXFileReference; lastKnownFileType = sourcecode.c.c; name = base64.c; path = libs/cocos2d/Support/base64.c; sourceTree = "<group>"; };
		E76D094D1832C2AE00F8BD5A /* base64.h */ = {isa = PBXFileReference; lastKnownFileType = sourcecode.c.h; name = base64.h; path = libs/cocos2d/Support/base64.h; sourceTree = "<group>"; };
		E76D094E1832C2AE00F8BD5A /* CCArray.h */ = {isa = PBXFileReference; lastKnownFileType = sourcecode.c.h; name = CCArray.h; path = libs/cocos2d/Support/CCArray.h; sourceTree = "<group>"; };
		E76D094F1832C2AE00F8BD5A /* CCArray.m */ = {isa = PBXFileReference; lastKnownFileType = sourcecode.c.objc; name = CCArray.m; path = libs/cocos2d/Support/CCArray.m; sourceTree = "<group>"; };
		E76D09511832C2AE00F8BD5A /* ccCArray.h */ = {isa = PBXFileReference; lastKnownFileType = sourcecode.c.h; name = ccCArray.h; path = libs/cocos2d/Support/ccCArray.h; sourceTree = "<group>"; };
		E76D09521832C2AE00F8BD5A /* CCFileUtils.h */ = {isa = PBXFileReference; lastKnownFileType = sourcecode.c.h; name = CCFileUtils.h; path = libs/cocos2d/Support/CCFileUtils.h; sourceTree = "<group>"; };
		E76D09531832C2AE00F8BD5A /* CCFileUtils.m */ = {isa = PBXFileReference; lastKnownFileType = sourcecode.c.objc; name = CCFileUtils.m; path = libs/cocos2d/Support/CCFileUtils.m; sourceTree = "<group>"; };
		E76D09551832C2AE00F8BD5A /* CCProfiling.h */ = {isa = PBXFileReference; lastKnownFileType = sourcecode.c.h; name = CCProfiling.h; path = libs/cocos2d/Support/CCProfiling.h; sourceTree = "<group>"; };
		E76D09561832C2AE00F8BD5A /* CCProfiling.m */ = {isa = PBXFileReference; lastKnownFileType = sourcecode.c.objc; name = CCProfiling.m; path = libs/cocos2d/Support/CCProfiling.m; sourceTree = "<group>"; };
		E76D09581832C2AE00F8BD5A /* ccUtils.c */ = {isa = PBXFileReference; lastKnownFileType = sourcecode.c.c; name = ccUtils.c; path = libs/cocos2d/Support/ccUtils.c; sourceTree = "<group>"; };
		E76D095A1832C2AE00F8BD5A /* ccUtils.h */ = {isa = PBXFileReference; lastKnownFileType = sourcecode.c.h; name = ccUtils.h; path = libs/cocos2d/Support/ccUtils.h; sourceTree = "<group>"; };
		E76D095B1832C2AE00F8BD5A /* CGPointExtension.h */ = {isa = PBXFileReference; lastKnownFileType = sourcecode.c.h; name = CGPointExtension.h; path = libs/cocos2d/Support/CGPointExtension.h; sourceTree = "<group>"; };
		E76D095C1832C2AE00F8BD5A /* CGPointExtension.m */ = {isa = PBXFileReference; lastKnownFileType = sourcecode.c.objc; name = CGPointExtension.m; path = libs/cocos2d/Support/CGPointExtension.m; sourceTree = "<group>"; };
		E76D095E1832C2AE00F8BD5A /* OpenGL_Internal.h */ = {isa = PBXFileReference; lastKnownFileType = sourcecode.c.h; name = OpenGL_Internal.h; path = libs/cocos2d/Support/OpenGL_Internal.h; sourceTree = "<group>"; };
		E76D095F1832C2AE00F8BD5A /* TGAlib.h */ = {isa = PBXFileReference; lastKnownFileType = sourcecode.c.h; name = TGAlib.h; path = libs/cocos2d/Support/TGAlib.h; sourceTree = "<group>"; };
		E76D09601832C2AE00F8BD5A /* TGAlib.m */ = {isa = PBXFileReference; lastKnownFileType = sourcecode.c.objc; name = TGAlib.m; path = libs/cocos2d/Support/TGAlib.m; sourceTree = "<group>"; };
		E76D09621832C2AE00F8BD5A /* TransformUtils.h */ = {isa = PBXFileReference; lastKnownFileType = sourcecode.c.h; name = TransformUtils.h; path = libs/cocos2d/Support/TransformUtils.h; sourceTree = "<group>"; };
		E76D09631832C2AE00F8BD5A /* TransformUtils.m */ = {isa = PBXFileReference; lastKnownFileType = sourcecode.c.objc; name = TransformUtils.m; path = libs/cocos2d/Support/TransformUtils.m; sourceTree = "<group>"; };
		E76D09651832C2AE00F8BD5A /* uthash.h */ = {isa = PBXFileReference; lastKnownFileType = sourcecode.c.h; name = uthash.h; path = libs/cocos2d/Support/uthash.h; sourceTree = "<group>"; };
		E76D09661832C2AE00F8BD5A /* utlist.h */ = {isa = PBXFileReference; lastKnownFileType = sourcecode.c.h; name = utlist.h; path = libs/cocos2d/Support/utlist.h; sourceTree = "<group>"; };
		E76D09671832C2AE00F8BD5A /* ZipUtils.h */ = {isa = PBXFileReference; lastKnownFileType = sourcecode.c.h; name = ZipUtils.h; path = libs/cocos2d/Support/ZipUtils.h; sourceTree = "<group>"; };
		E76D09681832C2AE00F8BD5A /* ZipUtils.m */ = {isa = PBXFileReference; lastKnownFileType = sourcecode.c.objc; name = ZipUtils.m; path = libs/cocos2d/Support/ZipUtils.m; sourceTree = "<group>"; };
		E76D096A1832C2AE00F8BD5A /* LICENSE_cocos2d.txt */ = {isa = PBXFileReference; lastKnownFileType = text; name = LICENSE_cocos2d.txt; path = libs/LICENSE_cocos2d.txt; sourceTree = "<group>"; };
		E76D096C1832C2AE00F8BD5A /* CDAudioManager.h */ = {isa = PBXFileReference; lastKnownFileType = sourcecode.c.h; name = CDAudioManager.h; path = libs/CocosDenshion/CDAudioManager.h; sourceTree = "<group>"; };
		E76D096D1832C2AE00F8BD5A /* CDAudioManager.m */ = {isa = PBXFileReference; lastKnownFileType = sourcecode.c.objc; name = CDAudioManager.m; path = libs/CocosDenshion/CDAudioManager.m; sourceTree = "<group>"; };
		E76D096F1832C2AE00F8BD5A /* CDConfig.h */ = {isa = PBXFileReference; lastKnownFileType = sourcecode.c.h; name = CDConfig.h; path = libs/CocosDenshion/CDConfig.h; sourceTree = "<group>"; };
		E76D09701832C2AE00F8BD5A /* CDOpenALSupport.h */ = {isa = PBXFileReference; lastKnownFileType = sourcecode.c.h; name = CDOpenALSupport.h; path = libs/CocosDenshion/CDOpenALSupport.h; sourceTree = "<group>"; };
		E76D09711832C2AE00F8BD5A /* CDOpenALSupport.m */ = {isa = PBXFileReference; lastKnownFileType = sourcecode.c.objc; name = CDOpenALSupport.m; path = libs/CocosDenshion/CDOpenALSupport.m; sourceTree = "<group>"; };
		E76D09731832C2AE00F8BD5A /* CocosDenshion.h */ = {isa = PBXFileReference; lastKnownFileType = sourcecode.c.h; name = CocosDenshion.h; path = libs/CocosDenshion/CocosDenshion.h; sourceTree = "<group>"; };
		E76D09741832C2AE00F8BD5A /* CocosDenshion.m */ = {isa = PBXFileReference; lastKnownFileType = sourcecode.c.objc; name = CocosDenshion.m; path = libs/CocosDenshion/CocosDenshion.m; sourceTree = "<group>"; };
		E76D09761832C2AE00F8BD5A /* SimpleAudioEngine.h */ = {isa = PBXFileReference; lastKnownFileType = sourcecode.c.h; name = SimpleAudioEngine.h; path = libs/CocosDenshion/SimpleAudioEngine.h; sourceTree = "<group>"; };
		E76D09771832C2AE00F8BD5A /* SimpleAudioEngine.m */ = {isa = PBXFileReference; lastKnownFileType = sourcecode.c.objc; name = SimpleAudioEngine.m; path = libs/CocosDenshion/SimpleAudioEngine.m; sourceTree = "<group>"; };
		E76D09791832C2AE00F8BD5A /* LICENSE_CocosDenshion.txt */ = {isa = PBXFileReference; lastKnownFileType = text; name = LICENSE_CocosDenshion.txt; path = libs/LICENSE_CocosDenshion.txt; sourceTree = "<group>"; };
		E76D097B1832C2AE00F8BD5A /* CLScoreServerPost.h */ = {isa = PBXFileReference; lastKnownFileType = sourcecode.c.h; name = CLScoreServerPost.h; path = libs/cocoslive/CLScoreServerPost.h; sourceTree = "<group>"; };
		E76D097C1832C2AE00F8BD5A /* CLScoreServerPost.m */ = {isa = PBXFileReference; lastKnownFileType = sourcecode.c.objc; name = CLScoreServerPost.m; path = libs/cocoslive/CLScoreServerPost.m; sourceTree = "<group>"; };
		E76D097E1832C2AE00F8BD5A /* CLScoreServerRequest.h */ = {isa = PBXFileReference; lastKnownFileType = sourcecode.c.h; name = CLScoreServerRequest.h; path = libs/cocoslive/CLScoreServerRequest.h; sourceTree = "<group>"; };
		E76D097F1832C2AE00F8BD5A /* CLScoreServerRequest.m */ = {isa = PBXFileReference; lastKnownFileType = sourcecode.c.objc; name = CLScoreServerRequest.m; path = libs/cocoslive/CLScoreServerRequest.m; sourceTree = "<group>"; };
		E76D09811832C2AE00F8BD5A /* cocoslive.h */ = {isa = PBXFileReference; lastKnownFileType = sourcecode.c.h; name = cocoslive.h; path = libs/cocoslive/cocoslive.h; sourceTree = "<group>"; };
		E76D09821832C2AE00F8BD5A /* cocoslive.m */ = {isa = PBXFileReference; lastKnownFileType = sourcecode.c.objc; name = cocoslive.m; path = libs/cocoslive/cocoslive.m; sourceTree = "<group>"; };
		E76D09841832C2AE00F8BD5A /* LICENSE_TouchJSON.txt */ = {isa = PBXFileReference; lastKnownFileType = text; name = LICENSE_TouchJSON.txt; path = libs/LICENSE_TouchJSON.txt; sourceTree = "<group>"; };
		E76D09861832C2AE00F8BD5A /* CDataScanner.h */ = {isa = PBXFileReference; lastKnownFileType = sourcecode.c.h; name = CDataScanner.h; path = libs/TouchJSON/CDataScanner.h; sourceTree = "<group>"; };
		E76D09871832C2AE00F8BD5A /* CDataScanner.m */ = {isa = PBXFileReference; lastKnownFileType = sourcecode.c.objc; name = CDataScanner.m; path = libs/TouchJSON/CDataScanner.m; sourceTree = "<group>"; };
		E76D098A1832C2AE00F8BD5A /* CDataScanner_Extensions.h */ = {isa = PBXFileReference; lastKnownFileType = sourcecode.c.h; name = CDataScanner_Extensions.h; path = libs/TouchJSON/Extensions/CDataScanner_Extensions.h; sourceTree = "<group>"; };
		E76D098B1832C2AE00F8BD5A /* CDataScanner_Extensions.m */ = {isa = PBXFileReference; lastKnownFileType = sourcecode.c.objc; name = CDataScanner_Extensions.m; path = libs/TouchJSON/Extensions/CDataScanner_Extensions.m; sourceTree = "<group>"; };
		E76D098D1832C2AE00F8BD5A /* NSDictionary_JSONExtensions.h */ = {isa = PBXFileReference; lastKnownFileType = sourcecode.c.h; name = NSDictionary_JSONExtensions.h; path = libs/TouchJSON/Extensions/NSDictionary_JSONExtensions.h; sourceTree = "<group>"; };
		E76D098E1832C2AE00F8BD5A /* NSDictionary_JSONExtensions.m */ = {isa = PBXFileReference; lastKnownFileType = sourcecode.c.objc; name = NSDictionary_JSONExtensions.m; path = libs/TouchJSON/Extensions/NSDictionary_JSONExtensions.m; sourceTree = "<group>"; };
		E76D09911832C2AE00F8BD5A /* CJSONDeserializer.h */ = {isa = PBXFileReference; lastKnownFileType = sourcecode.c.h; name = CJSONDeserializer.h; path = libs/TouchJSON/JSON/CJSONDeserializer.h; sourceTree = "<group>"; };
		E76D09921832C2AE00F8BD5A /* CJSONDeserializer.m */ = {isa = PBXFileReference; lastKnownFileType = sourcecode.c.objc; name = CJSONDeserializer.m; path = libs/TouchJSON/JSON/CJSONDeserializer.m; sourceTree = "<group>"; };
		E76D09941832C2AE00F8BD5A /* CJSONScanner.h */ = {isa = PBXFileReference; lastKnownFileType = sourcecode.c.h; name = CJSONScanner.h; path = libs/TouchJSON/JSON/CJSONScanner.h; sourceTree = "<group>"; };
		E76D09951832C2AF00F8BD5A /* CJSONScanner.m */ = {isa = PBXFileReference; lastKnownFileType = sourcecode.c.objc; name = CJSONScanner.m; path = libs/TouchJSON/JSON/CJSONScanner.m; sourceTree = "<group>"; };
		E76D09971832C2AF00F8BD5A /* CJSONSerializer.h */ = {isa = PBXFileReference; lastKnownFileType = sourcecode.c.h; name = CJSONSerializer.h; path = libs/TouchJSON/JSON/CJSONSerializer.h; sourceTree = "<group>"; };
		E76D09981832C2AF00F8BD5A /* CJSONSerializer.m */ = {isa = PBXFileReference; lastKnownFileType = sourcecode.c.objc; name = CJSONSerializer.m; path = libs/TouchJSON/JSON/CJSONSerializer.m; sourceTree = "<group>"; };
		E76D099A1832C2AF00F8BD5A /* JSONRepresentation.h */ = {isa = PBXFileReference; lastKnownFileType = sourcecode.c.h; name = JSONRepresentation.h; path = libs/TouchJSON/JSON/JSONRepresentation.h; sourceTree = "<group>"; };
		E76D099C1832C2AF00F8BD5A /* FontLabel.h */ = {isa = PBXFileReference; lastKnownFileType = sourcecode.c.h; name = FontLabel.h; path = libs/FontLabel/FontLabel.h; sourceTree = "<group>"; };
		E76D099D1832C2AF00F8BD5A /* FontLabel.m */ = {isa = PBXFileReference; lastKnownFileType = sourcecode.c.objc; name = FontLabel.m; path = libs/FontLabel/FontLabel.m; sourceTree = "<group>"; };
		E76D099F1832C2AF00F8BD5A /* FontLabelStringDrawing.h */ = {isa = PBXFileReference; lastKnownFileType = sourcecode.c.h; name = FontLabelStringDrawing.h; path = libs/FontLabel/FontLabelStringDrawing.h; sourceTree = "<group>"; };
		E76D09A01832C2AF00F8BD5A /* FontLabelStringDrawing.m */ = {isa = PBXFileReference; lastKnownFileType = sourcecode.c.objc; name = FontLabelStringDrawing.m; path = libs/FontLabel/FontLabelStringDrawing.m; sourceTree = "<group>"; };
		E76D09A21832C2AF00F8BD5A /* FontManager.h */ = {isa = PBXFileReference; lastKnownFileType = sourcecode.c.h; name = FontManager.h; path = libs/FontLabel/FontManager.h; sourceTree = "<group>"; };
		E76D09A31832C2AF00F8BD5A /* FontManager.m */ = {isa = PBXFileReference; lastKnownFileType = sourcecode.c.objc; name = FontManager.m; path = libs/FontLabel/FontManager.m; sourceTree = "<group>"; };
		E76D09A51832C2AF00F8BD5A /* ZAttributedString.h */ = {isa = PBXFileReference; lastKnownFileType = sourcecode.c.h; name = ZAttributedString.h; path = libs/FontLabel/ZAttributedString.h; sourceTree = "<group>"; };
		E76D09A61832C2AF00F8BD5A /* ZAttributedString.m */ = {isa = PBXFileReference; lastKnownFileType = sourcecode.c.objc; name = ZAttributedString.m; path = libs/FontLabel/ZAttributedString.m; sourceTree = "<group>"; };
		E76D09A81832C2AF00F8BD5A /* ZAttributedStringPrivate.h */ = {isa = PBXFileReference; lastKnownFileType = sourcecode.c.h; name = ZAttributedStringPrivate.h; path = libs/FontLabel/ZAttributedStringPrivate.h; sourceTree = "<group>"; };
		E76D09A91832C2AF00F8BD5A /* ZFont.h */ = {isa = PBXFileReference; lastKnownFileType = sourcecode.c.h; name = ZFont.h; path = libs/FontLabel/ZFont.h; sourceTree = "<group>"; };
		E76D09AA1832C2AF00F8BD5A /* ZFont.m */ = {isa = PBXFileReference; lastKnownFileType = sourcecode.c.objc; name = ZFont.m; path = libs/FontLabel/ZFont.m; sourceTree = "<group>"; };
		E76D09AC1832C2AF00F8BD5A /* LICENSE_FontLabel.txt */ = {isa = PBXFileReference; lastKnownFileType = text; name = LICENSE_FontLabel.txt; path = libs/LICENSE_FontLabel.txt; sourceTree = "<group>"; };
		E76D09AE1832C2AF00F8BD5A /* Prefix.pch */ = {isa = PBXFileReference; lastKnownFileType = sourcecode.c.h; path = Prefix.pch; sourceTree = "<group>"; };
		E76D09AF1832C2AF00F8BD5A /* main.m */ = {isa = PBXFileReference; lastKnownFileType = sourcecode.c.objc; path = main.m; sourceTree = "<group>"; };
		E76D09B11832C2AF00F8BD5A /* AppDelegate.h */ = {isa = PBXFileReference; lastKnownFileType = sourcecode.c.h; path = AppDelegate.h; sourceTree = "<group>"; };
		E76D09B21832C2AF00F8BD5A /* AppDelegate.m */ = {isa = PBXFileReference; lastKnownFileType = sourcecode.c.objc; path = AppDelegate.m; sourceTree = "<group>"; };
		E76D09B41832C2AF00F8BD5A /* RootViewController.h */ = {isa = PBXFileReference; lastKnownFileType = sourcecode.c.h; path = RootViewController.h; sourceTree = "<group>"; };
		E76D09B51832C2AF00F8BD5A /* RootViewController.m */ = {isa = PBXFileReference; lastKnownFileType = sourcecode.c.objc; path = RootViewController.m; sourceTree = "<group>"; };
		E76D09B71832C2AF00F8BD5A /* HelloWorldLayer.h */ = {isa = PBXFileReference; lastKnownFileType = sourcecode.c.h; path = HelloWorldLayer.h; sourceTree = "<group>"; };
		E76D09B81832C2AF00F8BD5A /* HelloWorldLayer.m */ = {isa = PBXFileReference; lastKnownFileType = sourcecode.c.objc; path = HelloWorldLayer.m; sourceTree = "<group>"; };
		E76D09BA1832C2AF00F8BD5A /* GameConfig.h */ = {isa = PBXFileReference; lastKnownFileType = sourcecode.c.h; path = GameConfig.h; sourceTree = "<group>"; };
/* End PBXFileReference section */

/* Begin PBXFrameworksBuildPhase section */
		E76D08461832C2AD00F8BD5A /* Frameworks */ = {
			isa = PBXFrameworksBuildPhase;
			buildActionMask = 2147483647;
			files = (
				E76D08511832C2AD00F8BD5A /* OpenAL.framework in Frameworks */,
				E76D08571832C2AD00F8BD5A /* UIKit.framework in Frameworks */,
				E76D084D1832C2AD00F8BD5A /* QuartzCore.framework in Frameworks */,
				E76D08551832C2AD00F8BD5A /* AVFoundation.framework in Frameworks */,
				E76D085B1832C2AD00F8BD5A /* CoreGraphics.framework in Frameworks */,
				E76D084F1832C2AD00F8BD5A /* OpenGLES.framework in Frameworks */,
				E76D08591832C2AD00F8BD5A /* Foundation.framework in Frameworks */,
				E76D08531832C2AD00F8BD5A /* AudioToolbox.framework in Frameworks */,
			);
			runOnlyForDeploymentPostprocessing = 0;
		};
/* End PBXFrameworksBuildPhase section */

/* Begin PBXGroup section */
		E76D08401832C2AD00F8BD5A = {
			isa = PBXGroup;
			children = (
				E76D085C1832C2AD00F8BD5A /* stinkbug */,
				E76D084B1832C2AD00F8BD5A /* Frameworks */,
				E76D084A1832C2AD00F8BD5A /* Products */,
			);
			sourceTree = "<group>";
		};
		E76D084A1832C2AD00F8BD5A /* Products */ = {
			isa = PBXGroup;
			children = (
				E76D08491832C2AD00F8BD5A /* stinkbug.app */,
			);
			name = Products;
			sourceTree = "<group>";
		};
		E76D084B1832C2AD00F8BD5A /* Frameworks */ = {
			isa = PBXGroup;
			children = (
				E76D084C1832C2AD00F8BD5A /* QuartzCore.framework */,
				E76D084E1832C2AD00F8BD5A /* OpenGLES.framework */,
				E76D08501832C2AD00F8BD5A /* OpenAL.framework */,
				E76D08521832C2AD00F8BD5A /* AudioToolbox.framework */,
				E76D08541832C2AD00F8BD5A /* AVFoundation.framework */,
				E76D08561832C2AD00F8BD5A /* UIKit.framework */,
				E76D08581832C2AD00F8BD5A /* Foundation.framework */,
				E76D085A1832C2AD00F8BD5A /* CoreGraphics.framework */,
			);
			name = Frameworks;
			sourceTree = "<group>";
		};
		E76D085C1832C2AD00F8BD5A /* stinkbug */ = {
			isa = PBXGroup;
			children = (
				E76D09B11832C2AF00F8BD5A /* AppDelegate.h */,
				E76D09B21832C2AF00F8BD5A /* AppDelegate.m */,
				E76D09B41832C2AF00F8BD5A /* RootViewController.h */,
				E76D09B51832C2AF00F8BD5A /* RootViewController.m */,
				E76D09B71832C2AF00F8BD5A /* HelloWorldLayer.h */,
				E76D09B81832C2AF00F8BD5A /* HelloWorldLayer.m */,
				E76D09BA1832C2AF00F8BD5A /* GameConfig.h */,
				E76D085D1832C2AD00F8BD5A /* Resources */,
				E76D08711832C2AD00F8BD5A /* libs */,
				E76D09AD1832C2AF00F8BD5A /* Supporting Files */,
			);
			path = stinkbug;
			sourceTree = "<group>";
		};
		E76D085D1832C2AD00F8BD5A /* Resources */ = {
			isa = PBXGroup;
			children = (
				E76D085E1832C2AD00F8BD5A /* Default.png */,
				E76D08601832C2AD00F8BD5A /* fps_images.png */,
				E76D08621832C2AD00F8BD5A /* Icon-72.png */,
				E76D08641832C2AD00F8BD5A /* Icon-Small-50.png */,
				E76D08661832C2AD00F8BD5A /* Icon-Small.png */,
				E76D08681832C2AD00F8BD5A /* Icon-Small@2x.png */,
				E76D086A1832C2AD00F8BD5A /* Icon.png */,
				E76D086C1832C2AD00F8BD5A /* Icon@2x.png */,
				E76D086E1832C2AD00F8BD5A /* Info.plist */,
				E76D086F1832C2AD00F8BD5A /* iTunesArtwork */,
			);
			name = Resources;
			sourceTree = "<group>";
		};
		E76D08711832C2AD00F8BD5A /* libs */ = {
			isa = PBXGroup;
			children = (
				E76D096A1832C2AE00F8BD5A /* LICENSE_cocos2d.txt */,
				E76D09791832C2AE00F8BD5A /* LICENSE_CocosDenshion.txt */,
				E76D09841832C2AE00F8BD5A /* LICENSE_TouchJSON.txt */,
				E76D09AC1832C2AF00F8BD5A /* LICENSE_FontLabel.txt */,
				E76D08721832C2AD00F8BD5A /* cocos2d */,
				E76D096B1832C2AE00F8BD5A /* CocosDenshion */,
				E76D097A1832C2AE00F8BD5A /* cocoslive */,
				E76D09851832C2AE00F8BD5A /* TouchJSON */,
				E76D099B1832C2AF00F8BD5A /* FontLabel */,
			);
			name = libs;
			sourceTree = "<group>";
		};
		E76D08721832C2AD00F8BD5A /* cocos2d */ = {
			isa = PBXGroup;
			children = (
				E76D08731832C2AD00F8BD5A /* CCAction.h */,
				E76D08741832C2AD00F8BD5A /* CCAction.m */,
				E76D08761832C2AD00F8BD5A /* CCActionCamera.h */,
				E76D08771832C2AD00F8BD5A /* CCActionCamera.m */,
				E76D08791832C2AD00F8BD5A /* CCActionEase.h */,
				E76D087A1832C2AD00F8BD5A /* CCActionEase.m */,
				E76D087C1832C2AD00F8BD5A /* CCActionGrid.h */,
				E76D087D1832C2AD00F8BD5A /* CCActionGrid.m */,
				E76D087F1832C2AD00F8BD5A /* CCActionGrid3D.h */,
				E76D08801832C2AD00F8BD5A /* CCActionGrid3D.m */,
				E76D08821832C2AD00F8BD5A /* CCActionInstant.h */,
				E76D08831832C2AD00F8BD5A /* CCActionInstant.m */,
				E76D08851832C2AD00F8BD5A /* CCActionInterval.h */,
				E76D08861832C2AD00F8BD5A /* CCActionInterval.m */,
				E76D08881832C2AD00F8BD5A /* CCActionManager.h */,
				E76D08891832C2AD00F8BD5A /* CCActionManager.m */,
				E76D088B1832C2AD00F8BD5A /* CCActionPageTurn3D.h */,
				E76D088C1832C2AD00F8BD5A /* CCActionPageTurn3D.m */,
				E76D088E1832C2AD00F8BD5A /* CCActionProgressTimer.h */,
				E76D088F1832C2AD00F8BD5A /* CCActionProgressTimer.m */,
				E76D08911832C2AD00F8BD5A /* CCActionTiledGrid.h */,
				E76D08921832C2AD00F8BD5A /* CCActionTiledGrid.m */,
				E76D08941832C2AD00F8BD5A /* CCActionTween.h */,
				E76D08951832C2AD00F8BD5A /* CCActionTween.m */,
				E76D08971832C2AD00F8BD5A /* CCAnimation.h */,
				E76D08981832C2AD00F8BD5A /* CCAnimation.m */,
				E76D089A1832C2AD00F8BD5A /* CCAnimationCache.h */,
				E76D089B1832C2AD00F8BD5A /* CCAnimationCache.m */,
				E76D089D1832C2AE00F8BD5A /* CCAtlasNode.h */,
				E76D089E1832C2AE00F8BD5A /* CCAtlasNode.m */,
				E76D08A01832C2AE00F8BD5A /* CCBlockSupport.h */,
				E76D08A11832C2AE00F8BD5A /* CCBlockSupport.m */,
				E76D08A31832C2AE00F8BD5A /* CCCamera.h */,
				E76D08A41832C2AE00F8BD5A /* CCCamera.m */,
				E76D08A61832C2AE00F8BD5A /* ccConfig.h */,
				E76D08A71832C2AE00F8BD5A /* CCConfiguration.h */,
				E76D08A81832C2AE00F8BD5A /* CCConfiguration.m */,
				E76D08AA1832C2AE00F8BD5A /* CCDirector.h */,
				E76D08AB1832C2AE00F8BD5A /* CCDirector.m */,
				E76D08AD1832C2AE00F8BD5A /* CCDrawingPrimitives.h */,
				E76D08AE1832C2AE00F8BD5A /* CCDrawingPrimitives.m */,
				E76D08B01832C2AE00F8BD5A /* CCGrabber.h */,
				E76D08B11832C2AE00F8BD5A /* CCGrabber.m */,
				E76D08B31832C2AE00F8BD5A /* CCGrid.h */,
				E76D08B41832C2AE00F8BD5A /* CCGrid.m */,
				E76D08B61832C2AE00F8BD5A /* CCLabelAtlas.h */,
				E76D08B71832C2AE00F8BD5A /* CCLabelAtlas.m */,
				E76D08B91832C2AE00F8BD5A /* CCLabelBMFont.h */,
				E76D08BA1832C2AE00F8BD5A /* CCLabelBMFont.m */,
				E76D08BC1832C2AE00F8BD5A /* CCLabelTTF.h */,
				E76D08BD1832C2AE00F8BD5A /* CCLabelTTF.m */,
				E76D08BF1832C2AE00F8BD5A /* CCLayer.h */,
				E76D08C01832C2AE00F8BD5A /* CCLayer.m */,
				E76D08C21832C2AE00F8BD5A /* ccMacros.h */,
				E76D08C31832C2AE00F8BD5A /* CCMenu.h */,
				E76D08C41832C2AE00F8BD5A /* CCMenu.m */,
				E76D08C61832C2AE00F8BD5A /* CCMenuItem.h */,
				E76D08C71832C2AE00F8BD5A /* CCMenuItem.m */,
				E76D08C91832C2AE00F8BD5A /* CCMotionStreak.h */,
				E76D08CA1832C2AE00F8BD5A /* CCMotionStreak.m */,
				E76D08CC1832C2AE00F8BD5A /* CCNode.h */,
				E76D08CD1832C2AE00F8BD5A /* CCNode.m */,
				E76D08CF1832C2AE00F8BD5A /* CCParallaxNode.h */,
				E76D08D01832C2AE00F8BD5A /* CCParallaxNode.m */,
				E76D08D21832C2AE00F8BD5A /* CCParticleBatchNode.h */,
				E76D08D31832C2AE00F8BD5A /* CCParticleBatchNode.m */,
				E76D08D51832C2AE00F8BD5A /* CCParticleExamples.h */,
				E76D08D61832C2AE00F8BD5A /* CCParticleExamples.m */,
				E76D08D81832C2AE00F8BD5A /* CCParticleSystem.h */,
				E76D08D91832C2AE00F8BD5A /* CCParticleSystem.m */,
				E76D08DB1832C2AE00F8BD5A /* CCParticleSystemPoint.h */,
				E76D08DC1832C2AE00F8BD5A /* CCParticleSystemPoint.m */,
				E76D08DE1832C2AE00F8BD5A /* CCParticleSystemQuad.h */,
				E76D08DF1832C2AE00F8BD5A /* CCParticleSystemQuad.m */,
				E76D08E11832C2AE00F8BD5A /* CCProgressTimer.h */,
				E76D08E21832C2AE00F8BD5A /* CCProgressTimer.m */,
				E76D08E41832C2AE00F8BD5A /* CCProtocols.h */,
				E76D08E51832C2AE00F8BD5A /* CCRenderTexture.h */,
				E76D08E61832C2AE00F8BD5A /* CCRenderTexture.m */,
				E76D08E81832C2AE00F8BD5A /* CCRibbon.h */,
				E76D08E91832C2AE00F8BD5A /* CCRibbon.m */,
				E76D08EB1832C2AE00F8BD5A /* CCScene.h */,
				E76D08EC1832C2AE00F8BD5A /* CCScene.m */,
				E76D08EE1832C2AE00F8BD5A /* CCScheduler.h */,
				E76D08EF1832C2AE00F8BD5A /* CCScheduler.m */,
				E76D08F11832C2AE00F8BD5A /* CCSprite.h */,
				E76D08F21832C2AE00F8BD5A /* CCSprite.m */,
				E76D08F41832C2AE00F8BD5A /* CCSpriteBatchNode.h */,
				E76D08F51832C2AE00F8BD5A /* CCSpriteBatchNode.m */,
				E76D08F71832C2AE00F8BD5A /* CCSpriteFrame.h */,
				E76D08F81832C2AE00F8BD5A /* CCSpriteFrame.m */,
				E76D08FA1832C2AE00F8BD5A /* CCSpriteFrameCache.h */,
				E76D08FB1832C2AE00F8BD5A /* CCSpriteFrameCache.m */,
				E76D08FD1832C2AE00F8BD5A /* CCTexture2D.h */,
				E76D08FE1832C2AE00F8BD5A /* CCTexture2D.m */,
				E76D09001832C2AE00F8BD5A /* CCTextureAtlas.h */,
				E76D09011832C2AE00F8BD5A /* CCTextureAtlas.m */,
				E76D09031832C2AE00F8BD5A /* CCTextureCache.h */,
				E76D09041832C2AE00F8BD5A /* CCTextureCache.m */,
				E76D09061832C2AE00F8BD5A /* CCTexturePVR.h */,
				E76D09071832C2AE00F8BD5A /* CCTexturePVR.m */,
				E76D09091832C2AE00F8BD5A /* CCTileMapAtlas.h */,
				E76D090A1832C2AE00F8BD5A /* CCTileMapAtlas.m */,
				E76D090C1832C2AE00F8BD5A /* CCTMXLayer.h */,
				E76D090D1832C2AE00F8BD5A /* CCTMXLayer.m */,
				E76D090F1832C2AE00F8BD5A /* CCTMXObjectGroup.h */,
				E76D09101832C2AE00F8BD5A /* CCTMXObjectGroup.m */,
				E76D09121832C2AE00F8BD5A /* CCTMXTiledMap.h */,
				E76D09131832C2AE00F8BD5A /* CCTMXTiledMap.m */,
				E76D09151832C2AE00F8BD5A /* CCTMXXMLParser.h */,
				E76D09161832C2AE00F8BD5A /* CCTMXXMLParser.m */,
				E76D09181832C2AE00F8BD5A /* CCTransition.h */,
				E76D09191832C2AE00F8BD5A /* CCTransition.m */,
				E76D091B1832C2AE00F8BD5A /* CCTransitionPageTurn.h */,
				E76D091C1832C2AE00F8BD5A /* CCTransitionPageTurn.m */,
				E76D091E1832C2AE00F8BD5A /* CCTransitionRadial.h */,
				E76D091F1832C2AE00F8BD5A /* CCTransitionRadial.m */,
				E76D09211832C2AE00F8BD5A /* ccTypes.h */,
				E76D09221832C2AE00F8BD5A /* cocos2d.h */,
				E76D09231832C2AE00F8BD5A /* cocos2d.m */,
				E76D09251832C2AE00F8BD5A /* Platforms */,
				E76D094A1832C2AE00F8BD5A /* Support */,
			);
			name = cocos2d;
			sourceTree = "<group>";
		};
		E76D09251832C2AE00F8BD5A /* Platforms */ = {
			isa = PBXGroup;
			children = (
				E76D09261832C2AE00F8BD5A /* CCGL.h */,
				E76D09271832C2AE00F8BD5A /* CCNS.h */,
				E76D09281832C2AE00F8BD5A /* iOS */,
				E76D093D1832C2AE00F8BD5A /* Mac */,
			);
			name = Platforms;
			sourceTree = "<group>";
		};
		E76D09281832C2AE00F8BD5A /* iOS */ = {
			isa = PBXGroup;
			children = (
				E76D09291832C2AE00F8BD5A /* CCDirectorIOS.h */,
				E76D092A1832C2AE00F8BD5A /* CCDirectorIOS.m */,
				E76D092C1832C2AE00F8BD5A /* CCTouchDelegateProtocol.h */,
				E76D092D1832C2AE00F8BD5A /* CCTouchDispatcher.h */,
				E76D092E1832C2AE00F8BD5A /* CCTouchDispatcher.m */,
				E76D09301832C2AE00F8BD5A /* CCTouchHandler.h */,
				E76D09311832C2AE00F8BD5A /* CCTouchHandler.m */,
				E76D09331832C2AE00F8BD5A /* EAGLView.h */,
				E76D09341832C2AE00F8BD5A /* EAGLView.m */,
				E76D09361832C2AE00F8BD5A /* ES1Renderer.h */,
				E76D09371832C2AE00F8BD5A /* ES1Renderer.m */,
				E76D09391832C2AE00F8BD5A /* ESRenderer.h */,
				E76D093A1832C2AE00F8BD5A /* glu.c */,
				E76D093C1832C2AE00F8BD5A /* glu.h */,
			);
			name = iOS;
			sourceTree = "<group>";
		};
		E76D093D1832C2AE00F8BD5A /* Mac */ = {
			isa = PBXGroup;
			children = (
				E76D093E1832C2AE00F8BD5A /* CCDirectorMac.h */,
				E76D093F1832C2AE00F8BD5A /* CCDirectorMac.m */,
				E76D09411832C2AE00F8BD5A /* CCEventDispatcher.h */,
				E76D09421832C2AE00F8BD5A /* CCEventDispatcher.m */,
				E76D09441832C2AE00F8BD5A /* MacGLView.h */,
				E76D09451832C2AE00F8BD5A /* MacGLView.m */,
				E76D09471832C2AE00F8BD5A /* MacWindow.h */,
				E76D09481832C2AE00F8BD5A /* MacWindow.m */,
			);
			name = Mac;
			sourceTree = "<group>";
		};
		E76D094A1832C2AE00F8BD5A /* Support */ = {
			isa = PBXGroup;
			children = (
				E76D094B1832C2AE00F8BD5A /* base64.c */,
				E76D094D1832C2AE00F8BD5A /* base64.h */,
				E76D094E1832C2AE00F8BD5A /* CCArray.h */,
				E76D094F1832C2AE00F8BD5A /* CCArray.m */,
				E76D09511832C2AE00F8BD5A /* ccCArray.h */,
				E76D09521832C2AE00F8BD5A /* CCFileUtils.h */,
				E76D09531832C2AE00F8BD5A /* CCFileUtils.m */,
				E76D09551832C2AE00F8BD5A /* CCProfiling.h */,
				E76D09561832C2AE00F8BD5A /* CCProfiling.m */,
				E76D09581832C2AE00F8BD5A /* ccUtils.c */,
				E76D095A1832C2AE00F8BD5A /* ccUtils.h */,
				E76D095B1832C2AE00F8BD5A /* CGPointExtension.h */,
				E76D095C1832C2AE00F8BD5A /* CGPointExtension.m */,
				E76D095E1832C2AE00F8BD5A /* OpenGL_Internal.h */,
				E76D095F1832C2AE00F8BD5A /* TGAlib.h */,
				E76D09601832C2AE00F8BD5A /* TGAlib.m */,
				E76D09621832C2AE00F8BD5A /* TransformUtils.h */,
				E76D09631832C2AE00F8BD5A /* TransformUtils.m */,
				E76D09651832C2AE00F8BD5A /* uthash.h */,
				E76D09661832C2AE00F8BD5A /* utlist.h */,
				E76D09671832C2AE00F8BD5A /* ZipUtils.h */,
				E76D09681832C2AE00F8BD5A /* ZipUtils.m */,
			);
			name = Support;
			sourceTree = "<group>";
		};
		E76D096B1832C2AE00F8BD5A /* CocosDenshion */ = {
			isa = PBXGroup;
			children = (
				E76D096C1832C2AE00F8BD5A /* CDAudioManager.h */,
				E76D096D1832C2AE00F8BD5A /* CDAudioManager.m */,
				E76D096F1832C2AE00F8BD5A /* CDConfig.h */,
				E76D09701832C2AE00F8BD5A /* CDOpenALSupport.h */,
				E76D09711832C2AE00F8BD5A /* CDOpenALSupport.m */,
				E76D09731832C2AE00F8BD5A /* CocosDenshion.h */,
				E76D09741832C2AE00F8BD5A /* CocosDenshion.m */,
				E76D09761832C2AE00F8BD5A /* SimpleAudioEngine.h */,
				E76D09771832C2AE00F8BD5A /* SimpleAudioEngine.m */,
			);
			name = CocosDenshion;
			sourceTree = "<group>";
		};
		E76D097A1832C2AE00F8BD5A /* cocoslive */ = {
			isa = PBXGroup;
			children = (
				E76D097B1832C2AE00F8BD5A /* CLScoreServerPost.h */,
				E76D097C1832C2AE00F8BD5A /* CLScoreServerPost.m */,
				E76D097E1832C2AE00F8BD5A /* CLScoreServerRequest.h */,
				E76D097F1832C2AE00F8BD5A /* CLScoreServerRequest.m */,
				E76D09811832C2AE00F8BD5A /* cocoslive.h */,
				E76D09821832C2AE00F8BD5A /* cocoslive.m */,
			);
			name = cocoslive;
			sourceTree = "<group>";
		};
		E76D09851832C2AE00F8BD5A /* TouchJSON */ = {
			isa = PBXGroup;
			children = (
				E76D09861832C2AE00F8BD5A /* CDataScanner.h */,
				E76D09871832C2AE00F8BD5A /* CDataScanner.m */,
				E76D09891832C2AE00F8BD5A /* Extensions */,
				E76D09901832C2AE00F8BD5A /* JSON */,
			);
			name = TouchJSON;
			sourceTree = "<group>";
		};
		E76D09891832C2AE00F8BD5A /* Extensions */ = {
			isa = PBXGroup;
			children = (
				E76D098A1832C2AE00F8BD5A /* CDataScanner_Extensions.h */,
				E76D098B1832C2AE00F8BD5A /* CDataScanner_Extensions.m */,
				E76D098D1832C2AE00F8BD5A /* NSDictionary_JSONExtensions.h */,
				E76D098E1832C2AE00F8BD5A /* NSDictionary_JSONExtensions.m */,
			);
			name = Extensions;
			sourceTree = "<group>";
		};
		E76D09901832C2AE00F8BD5A /* JSON */ = {
			isa = PBXGroup;
			children = (
				E76D09911832C2AE00F8BD5A /* CJSONDeserializer.h */,
				E76D09921832C2AE00F8BD5A /* CJSONDeserializer.m */,
				E76D09941832C2AE00F8BD5A /* CJSONScanner.h */,
				E76D09951832C2AF00F8BD5A /* CJSONScanner.m */,
				E76D09971832C2AF00F8BD5A /* CJSONSerializer.h */,
				E76D09981832C2AF00F8BD5A /* CJSONSerializer.m */,
				E76D099A1832C2AF00F8BD5A /* JSONRepresentation.h */,
			);
			name = JSON;
			sourceTree = "<group>";
		};
		E76D099B1832C2AF00F8BD5A /* FontLabel */ = {
			isa = PBXGroup;
			children = (
				E76D099C1832C2AF00F8BD5A /* FontLabel.h */,
				E76D099D1832C2AF00F8BD5A /* FontLabel.m */,
				E76D099F1832C2AF00F8BD5A /* FontLabelStringDrawing.h */,
				E76D09A01832C2AF00F8BD5A /* FontLabelStringDrawing.m */,
				E76D09A21832C2AF00F8BD5A /* FontManager.h */,
				E76D09A31832C2AF00F8BD5A /* FontManager.m */,
				E76D09A51832C2AF00F8BD5A /* ZAttributedString.h */,
				E76D09A61832C2AF00F8BD5A /* ZAttributedString.m */,
				E76D09A81832C2AF00F8BD5A /* ZAttributedStringPrivate.h */,
				E76D09A91832C2AF00F8BD5A /* ZFont.h */,
				E76D09AA1832C2AF00F8BD5A /* ZFont.m */,
			);
			name = FontLabel;
			sourceTree = "<group>";
		};
		E76D09AD1832C2AF00F8BD5A /* Supporting Files */ = {
			isa = PBXGroup;
			children = (
				E76D09AE1832C2AF00F8BD5A /* Prefix.pch */,
				E76D09AF1832C2AF00F8BD5A /* main.m */,
			);
			name = "Supporting Files";
			sourceTree = "<group>";
		};
/* End PBXGroup section */

/* Begin PBXNativeTarget section */
		E76D08481832C2AD00F8BD5A /* stinkbug */ = {
			isa = PBXNativeTarget;
			buildConfigurationList = E76D09BD1832C2AF00F8BD5A /* Build configuration list for PBXNativeTarget "stinkbug" */;
			buildPhases = (
				E76D08451832C2AD00F8BD5A /* Sources */,
				E76D08461832C2AD00F8BD5A /* Frameworks */,
				E76D08471832C2AD00F8BD5A /* Resources */,
			);
			buildRules = (
			);
			dependencies = (
			);
			name = stinkbug;
			productName = stinkbug;
			productReference = E76D08491832C2AD00F8BD5A /* stinkbug.app */;
			productType = "com.apple.product-type.application";
		};
/* End PBXNativeTarget section */

/* Begin PBXProject section */
		E76D08411832C2AD00F8BD5A /* Project object */ = {
			isa = PBXProject;
			attributes = {
				LastUpgradeCheck = 0500;
			};
			buildConfigurationList = E76D08441832C2AD00F8BD5A /* Build configuration list for PBXProject "stinkbug" */;
			compatibilityVersion = "Xcode 3.2";
			developmentRegion = English;
			hasScannedForEncodings = 0;
			knownRegions = (
				en,
			);
			mainGroup = E76D08401832C2AD00F8BD5A;
			productRefGroup = E76D084A1832C2AD00F8BD5A /* Products */;
			projectDirPath = "";
			projectRoot = "";
			targets = (
				E76D08481832C2AD00F8BD5A /* stinkbug */,
			);
		};
/* End PBXProject section */

/* Begin PBXResourcesBuildPhase section */
		E76D08471832C2AD00F8BD5A /* Resources */ = {
			isa = PBXResourcesBuildPhase;
			buildActionMask = 2147483647;
			files = (
				E76D085F1832C2AD00F8BD5A /* Default.png in Resources */,
				E76D086D1832C2AD00F8BD5A /* Icon@2x.png in Resources */,
				E76D08651832C2AD00F8BD5A /* Icon-Small-50.png in Resources */,
				E76D08611832C2AD00F8BD5A /* fps_images.png in Resources */,
				E76D08701832C2AD00F8BD5A /* iTunesArtwork in Resources */,
				E76D08691832C2AD00F8BD5A /* Icon-Small@2x.png in Resources */,
				E76D08671832C2AD00F8BD5A /* Icon-Small.png in Resources */,
				E76D086B1832C2AD00F8BD5A /* Icon.png in Resources */,
				E76D08631832C2AD00F8BD5A /* Icon-72.png in Resources */,
			);
			runOnlyForDeploymentPostprocessing = 0;
		};
/* End PBXResourcesBuildPhase section */

/* Begin PBXSourcesBuildPhase section */
		E76D08451832C2AD00F8BD5A /* Sources */ = {
			isa = PBXSourcesBuildPhase;
			buildActionMask = 2147483647;
			files = (
				E76D09571832C2AE00F8BD5A /* CCProfiling.m in Sources */,
				E76D08ED1832C2AE00F8BD5A /* CCScene.m in Sources */,
				E76D08EA1832C2AE00F8BD5A /* CCRibbon.m in Sources */,
				E76D08931832C2AD00F8BD5A /* CCActionTiledGrid.m in Sources */,
				E76D08AC1832C2AE00F8BD5A /* CCDirector.m in Sources */,
				E76D08B21832C2AE00F8BD5A /* CCGrabber.m in Sources */,
				E76D095D1832C2AE00F8BD5A /* CGPointExtension.m in Sources */,
				E76D08AF1832C2AE00F8BD5A /* CCDrawingPrimitives.m in Sources */,
				E76D09B61832C2AF00F8BD5A /* RootViewController.m in Sources */,
				E76D08CB1832C2AE00F8BD5A /* CCMotionStreak.m in Sources */,
				E76D09831832C2AE00F8BD5A /* cocoslive.m in Sources */,
				E76D087B1832C2AD00F8BD5A /* CCActionEase.m in Sources */,
				E76D09021832C2AE00F8BD5A /* CCTextureAtlas.m in Sources */,
				E76D09B31832C2AF00F8BD5A /* AppDelegate.m in Sources */,
				E76D09241832C2AE00F8BD5A /* cocos2d.m in Sources */,
				E76D09081832C2AE00F8BD5A /* CCTexturePVR.m in Sources */,
				E76D09201832C2AE00F8BD5A /* CCTransitionRadial.m in Sources */,
				E76D09171832C2AE00F8BD5A /* CCTMXXMLParser.m in Sources */,
				E76D091A1832C2AE00F8BD5A /* CCTransition.m in Sources */,
				E76D08F31832C2AE00F8BD5A /* CCSprite.m in Sources */,
				E76D09721832C2AE00F8BD5A /* CDOpenALSupport.m in Sources */,
				E76D08FF1832C2AE00F8BD5A /* CCTexture2D.m in Sources */,
				E76D09141832C2AE00F8BD5A /* CCTMXTiledMap.m in Sources */,
				E76D09111832C2AE00F8BD5A /* CCTMXObjectGroup.m in Sources */,
				E76D09321832C2AE00F8BD5A /* CCTouchHandler.m in Sources */,
				E76D09A71832C2AF00F8BD5A /* ZAttributedString.m in Sources */,
				E76D089F1832C2AE00F8BD5A /* CCAtlasNode.m in Sources */,
				E76D090E1832C2AE00F8BD5A /* CCTMXLayer.m in Sources */,
				E76D098F1832C2AE00F8BD5A /* NSDictionary_JSONExtensions.m in Sources */,
				E76D092B1832C2AE00F8BD5A /* CCDirectorIOS.m in Sources */,
				E76D08811832C2AD00F8BD5A /* CCActionGrid3D.m in Sources */,
				E76D08C11832C2AE00F8BD5A /* CCLayer.m in Sources */,
				E76D08E71832C2AE00F8BD5A /* CCRenderTexture.m in Sources */,
				E76D08B51832C2AE00F8BD5A /* CCGrid.m in Sources */,
				E76D09591832C2AE00F8BD5A /* ccUtils.c in Sources */,
				E76D08B81832C2AE00F8BD5A /* CCLabelAtlas.m in Sources */,
				E76D09961832C2AF00F8BD5A /* CJSONScanner.m in Sources */,
				E76D08901832C2AD00F8BD5A /* CCActionProgressTimer.m in Sources */,
				E76D09B91832C2AF00F8BD5A /* HelloWorldLayer.m in Sources */,
				E76D08F61832C2AE00F8BD5A /* CCSpriteBatchNode.m in Sources */,
				E76D08991832C2AD00F8BD5A /* CCAnimation.m in Sources */,
				E76D093B1832C2AE00F8BD5A /* glu.c in Sources */,
				E76D08781832C2AD00F8BD5A /* CCActionCamera.m in Sources */,
				E76D088A1832C2AD00F8BD5A /* CCActionManager.m in Sources */,
				E76D08BE1832C2AE00F8BD5A /* CCLabelTTF.m in Sources */,
				E76D08DA1832C2AE00F8BD5A /* CCParticleSystem.m in Sources */,
				E76D08871832C2AD00F8BD5A /* CCActionInterval.m in Sources */,
				E76D09541832C2AE00F8BD5A /* CCFileUtils.m in Sources */,
				E76D09751832C2AE00F8BD5A /* CocosDenshion.m in Sources */,
				E76D08A21832C2AE00F8BD5A /* CCBlockSupport.m in Sources */,
				E76D09801832C2AE00F8BD5A /* CLScoreServerRequest.m in Sources */,
				E76D08DD1832C2AE00F8BD5A /* CCParticleSystemPoint.m in Sources */,
				E76D08D41832C2AE00F8BD5A /* CCParticleBatchNode.m in Sources */,
				E76D08D11832C2AE00F8BD5A /* CCParallaxNode.m in Sources */,
				E76D09401832C2AE00F8BD5A /* CCDirectorMac.m in Sources */,
				E76D09881832C2AE00F8BD5A /* CDataScanner.m in Sources */,
				E76D08C81832C2AE00F8BD5A /* CCMenuItem.m in Sources */,
				E76D08CE1832C2AE00F8BD5A /* CCNode.m in Sources */,
				E76D090B1832C2AE00F8BD5A /* CCTileMapAtlas.m in Sources */,
				E76D08F01832C2AE00F8BD5A /* CCScheduler.m in Sources */,
				E76D09351832C2AE00F8BD5A /* EAGLView.m in Sources */,
				E76D08F91832C2AE00F8BD5A /* CCSpriteFrame.m in Sources */,
				E76D09491832C2AE00F8BD5A /* MacWindow.m in Sources */,
				E76D097D1832C2AE00F8BD5A /* CLScoreServerPost.m in Sources */,
				E76D091D1832C2AE00F8BD5A /* CCTransitionPageTurn.m in Sources */,
				E76D08A91832C2AE00F8BD5A /* CCConfiguration.m in Sources */,
				E76D08D71832C2AE00F8BD5A /* CCParticleExamples.m in Sources */,
				E76D09AB1832C2AF00F8BD5A /* ZFont.m in Sources */,
				E76D09931832C2AE00F8BD5A /* CJSONDeserializer.m in Sources */,
				E76D08751832C2AD00F8BD5A /* CCAction.m in Sources */,
				E76D08FC1832C2AE00F8BD5A /* CCSpriteFrameCache.m in Sources */,
				E76D09461832C2AE00F8BD5A /* MacGLView.m in Sources */,
				E76D08E01832C2AE00F8BD5A /* CCParticleSystemQuad.m in Sources */,
				E76D09B01832C2AF00F8BD5A /* main.m in Sources */,
				E76D09051832C2AE00F8BD5A /* CCTextureCache.m in Sources */,
				E76D09A11832C2AF00F8BD5A /* FontLabelStringDrawing.m in Sources */,
				E76D099E1832C2AF00F8BD5A /* FontLabel.m in Sources */,
				E76D09611832C2AE00F8BD5A /* TGAlib.m in Sources */,
				E76D087E1832C2AD00F8BD5A /* CCActionGrid.m in Sources */,
				E76D09781832C2AE00F8BD5A /* SimpleAudioEngine.m in Sources */,
				E76D09A41832C2AF00F8BD5A /* FontManager.m in Sources */,
				E76D08E31832C2AE00F8BD5A /* CCProgressTimer.m in Sources */,
				E76D09381832C2AE00F8BD5A /* ES1Renderer.m in Sources */,
				E76D08961832C2AD00F8BD5A /* CCActionTween.m in Sources */,
				E76D088D1832C2AD00F8BD5A /* CCActionPageTurn3D.m in Sources */,
				E76D09691832C2AE00F8BD5A /* ZipUtils.m in Sources */,
				E76D08C51832C2AE00F8BD5A /* CCMenu.m in Sources */,
				E76D08841832C2AD00F8BD5A /* CCActionInstant.m in Sources */,
				E76D098C1832C2AE00F8BD5A /* CDataScanner_Extensions.m in Sources */,
				E76D09641832C2AE00F8BD5A /* TransformUtils.m in Sources */,
				E76D09431832C2AE00F8BD5A /* CCEventDispatcher.m in Sources */,
				E76D096E1832C2AE00F8BD5A /* CDAudioManager.m in Sources */,
				E76D094C1832C2AE00F8BD5A /* base64.c in Sources */,
				E76D08A51832C2AE00F8BD5A /* CCCamera.m in Sources */,
				E76D08BB1832C2AE00F8BD5A /* CCLabelBMFont.m in Sources */,
				E76D09501832C2AE00F8BD5A /* CCArray.m in Sources */,
				E76D09991832C2AF00F8BD5A /* CJSONSerializer.m in Sources */,
				E76D092F1832C2AE00F8BD5A /* CCTouchDispatcher.m in Sources */,
				E76D089C1832C2AD00F8BD5A /* CCAnimationCache.m in Sources */,
			);
			runOnlyForDeploymentPostprocessing = 0;
		};
/* End PBXSourcesBuildPhase section */

/* Begin XCBuildConfiguration section */
		E76D09BB1832C2AF00F8BD5A /* Debug */ = {
			isa = XCBuildConfiguration;
			buildSettings = {
				ARCHS = "$(ARCHS_STANDARD_32_BIT)";
				"CODE_SIGN_IDENTITY[sdk=iphoneos*]" = "iPhone Developer";
				GCC_C_LANGUAGE_STANDARD = gnu99;
				GCC_OPTIMIZATION_LEVEL = 0;
				GCC_PREPROCESSOR_DEFINITIONS = (
					DEBUG,
					"COCOS2D_DEBUG=1",
				);
				GCC_SYMBOLS_PRIVATE_EXTERN = NO;
				GCC_VERSION = com.apple.compilers.llvmgcc42;
				GCC_WARN_ABOUT_RETURN_TYPE = YES;
				GCC_WARN_UNUSED_VARIABLE = YES;
				IPHONEOS_DEPLOYMENT_TARGET = 7.0;
				SDKROOT = iphoneos;
			};
			name = Debug;
		};
		E76D09BC1832C2AF00F8BD5A /* Release */ = {
			isa = XCBuildConfiguration;
			buildSettings = {
				ARCHS = "$(ARCHS_STANDARD_32_BIT)";
				"CODE_SIGN_IDENTITY[sdk=iphoneos*]" = "iPhone Developer";
				GCC_C_LANGUAGE_STANDARD = gnu99;
				GCC_PREPROCESSOR_DEFINITIONS = NDEBUG;
				GCC_VERSION = com.apple.compilers.llvmgcc42;
				GCC_WARN_ABOUT_RETURN_TYPE = YES;
				GCC_WARN_UNUSED_VARIABLE = YES;
				IPHONEOS_DEPLOYMENT_TARGET = 7.0;
				OTHER_CFLAGS = "-DNS_BLOCK_ASSERTIONS=1";
				SDKROOT = iphoneos;
			};
			name = Release;
		};
		E76D09BE1832C2AF00F8BD5A /* Debug */ = {
			isa = XCBuildConfiguration;
			buildSettings = {
				ALWAYS_SEARCH_USER_PATHS = NO;
				COPY_PHASE_STRIP = NO;
				GCC_DYNAMIC_NO_PIC = NO;
				GCC_PRECOMPILE_PREFIX_HEADER = YES;
				GCC_PREFIX_HEADER = stinkbug/Prefix.pch;
				"GCC_THUMB_SUPPORT[arch=armv6]" = "";
				INFOPLIST_FILE = stinkbug/Resources/Info.plist;
				OTHER_LDFLAGS = "-lz";
				PRODUCT_NAME = "$(TARGET_NAME)";
				WRAPPER_EXTENSION = app;
			};
			name = Debug;
		};
		E76D09BF1832C2AF00F8BD5A /* Release */ = {
			isa = XCBuildConfiguration;
			buildSettings = {
				ALWAYS_SEARCH_USER_PATHS = NO;
				COPY_PHASE_STRIP = YES;
				GCC_PRECOMPILE_PREFIX_HEADER = YES;
				GCC_PREFIX_HEADER = stinkbug/Prefix.pch;
				"GCC_THUMB_SUPPORT[arch=armv6]" = "";
				INFOPLIST_FILE = stinkbug/Resources/Info.plist;
				OTHER_LDFLAGS = "-lz";
				PRODUCT_NAME = "$(TARGET_NAME)";
				VALIDATE_PRODUCT = YES;
				WRAPPER_EXTENSION = app;
			};
			name = Release;
		};
/* End XCBuildConfiguration section */

/* Begin XCConfigurationList section */
		E76D08441832C2AD00F8BD5A /* Build configuration list for PBXProject "stinkbug" */ = {
			isa = XCConfigurationList;
			buildConfigurations = (
				E76D09BB1832C2AF00F8BD5A /* Debug */,
				E76D09BC1832C2AF00F8BD5A /* Release */,
			);
			defaultConfigurationIsVisible = 0;
			defaultConfigurationName = Release;
		};
		E76D09BD1832C2AF00F8BD5A /* Build configuration list for PBXNativeTarget "stinkbug" */ = {
			isa = XCConfigurationList;
			buildConfigurations = (
				E76D09BE1832C2AF00F8BD5A /* Debug */,
				E76D09BF1832C2AF00F8BD5A /* Release */,
			);
			defaultConfigurationIsVisible = 0;
		};
/* End XCConfigurationList section */
	};
	rootObject = E76D08411832C2AD00F8BD5A /* Project object */;
}
